
Microsoft Visual Studio Solution File, Format Version 12.00
# Visual Studio Version 17
VisualStudioVersion = 17.7.34003.232
MinimumVisualStudioVersion = 10.0.40219.1
Project("{2150E333-8FDC-42A3-9474-1A3956D46DE8}") = "ScadaCommon", "ScadaCommon", "{1FDD4584-BEB6-4385-8489-1710993246E3}"
EndProject
Project("{9A19103F-16F7-4668-BE54-9A1E7A4F7556}") = "ScadaCommon.Log", "ScadaCommon\ScadaCommon.Log\ScadaCommon.Log.csproj", "{424ED101-C8F7-455A-91D5-4485364BAEC3}"
EndProject
Project("{9A19103F-16F7-4668-BE54-9A1E7A4F7556}") = "ScadaCommon", "ScadaCommon\ScadaCommon\ScadaCommon.csproj", "{93E80CB0-18BB-4D6F-80DB-8814B1ED3784}"
EndProject
Project("{9A19103F-16F7-4668-BE54-9A1E7A4F7556}") = "ScadaCommon.Forms", "ScadaCommon\ScadaCommon.Forms\ScadaCommon.Forms.csproj", "{6CD8C868-3D28-4660-8096-31FBDEF99552}"
EndProject
Project("{2150E333-8FDC-42A3-9474-1A3956D46DE8}") = "ScadaServer", "ScadaServer", "{FCBEA607-E45D-4644-A886-18E83F5118EE}"
EndProject
Project("{9A19103F-16F7-4668-BE54-9A1E7A4F7556}") = "ScadaServerCommon", "ScadaServer\ScadaServer\ScadaServerCommon\ScadaServerCommon.csproj", "{7243B0F4-5628-49B8-8711-B06E65215572}"
EndProject
Project("{2150E333-8FDC-42A3-9474-1A3956D46DE8}") = "ScadaComm", "ScadaComm", "{4B9A6265-441C-45A7-A554-EF430CE830EE}"
EndProject
Project("{9A19103F-16F7-4668-BE54-9A1E7A4F7556}") = "ScadaCommCommon", "ScadaComm\ScadaComm\ScadaCommCommon\ScadaCommCommon.csproj", "{2B655F51-38A1-44C2-9D50-BB912FA58387}"
EndProject
Project("{2150E333-8FDC-42A3-9474-1A3956D46DE8}") = "ScadaWeb", "ScadaWeb", "{06784607-02E0-4F28-95E2-2A64C12105C1}"
EndProject
Project("{9A19103F-16F7-4668-BE54-9A1E7A4F7556}") = "ScadaWebCommon.Subset", "ScadaWeb\ScadaWeb\ScadaWebCommon.Subset\ScadaWebCommon.Subset.csproj", "{AC3ECCD3-7A37-4504-8ABA-1EB696E76748}"
EndProject
Project("{2150E333-8FDC-42A3-9474-1A3956D46DE8}") = "ScadaAdmin", "ScadaAdmin", "{06332CDF-2857-42FC-98C0-B2A5666C4C6B}"
EndProject
Project("{9A19103F-16F7-4668-BE54-9A1E7A4F7556}") = "ScadaAdmin", "ScadaAdmin\ScadaAdmin\ScadaAdmin\ScadaAdmin.csproj", "{316FD41E-C1C1-45C5-BEF1-32A2D326FA96}"
EndProject
Project("{9A19103F-16F7-4668-BE54-9A1E7A4F7556}") = "ScadaAdminCommon", "ScadaAdmin\ScadaAdmin\ScadaAdminCommon\ScadaAdminCommon.csproj", "{10812A6E-B94B-4C6E-84C7-0BF363B7EE5C}"
EndProject
Project("{2150E333-8FDC-42A3-9474-1A3956D46DE8}") = "ScadaAgent", "ScadaAgent", "{1CA27352-B80F-4EFD-B23B-F7AF23517A7B}"
EndProject
Project("{9A19103F-16F7-4668-BE54-9A1E7A4F7556}") = "AgentClient", "ScadaAgent\ScadaAgent\AgentClient\AgentClient.csproj", "{54361B82-0A56-484E-BFA1-5B3091A1C305}"
EndProject
Project("{2150E333-8FDC-42A3-9474-1A3956D46DE8}") = "OpenExtensions", "OpenExtensions", "{F99032DA-CA89-4AA4-BD94-954FBB89B449}"
EndProject
Project("{9A19103F-16F7-4668-BE54-9A1E7A4F7556}") = "ExtCommConfig", "ScadaAdmin\OpenExtensions\ExtCommConfig\ExtCommConfig.csproj", "{F5678DD0-88AF-4B02-B57A-C1F98AAEFFC8}"
EndProject
Project("{9A19103F-16F7-4668-BE54-9A1E7A4F7556}") = "ExtDepAgent", "ScadaAdmin\OpenExtensions\ExtDepAgent\ExtDepAgent.csproj", "{D2B3E542-E416-42D8-8E7D-2DB8F04BAEDD}"
EndProject
Project("{9A19103F-16F7-4668-BE54-9A1E7A4F7556}") = "ExtDepPostgreSql", "ScadaAdmin\OpenExtensions\ExtDepPostgreSql\ExtDepPostgreSql.csproj", "{0DEBF307-41EA-4368-9DF3-59C0366CE5CB}"
EndProject
Project("{9A19103F-16F7-4668-BE54-9A1E7A4F7556}") = "ExtProjectTools", "ScadaAdmin\OpenExtensions\ExtProjectTools\ExtProjectTools.csproj", "{C27D87AE-46E4-46B9-9C88-46F8DFB863D1}"
EndProject
Project("{9A19103F-16F7-4668-BE54-9A1E7A4F7556}") = "ExtServerConfig", "ScadaAdmin\OpenExtensions\ExtServerConfig\ExtServerConfig.csproj", "{B1819195-2F5F-496D-9D02-85F01BAB9A6E}"
EndProject
Project("{9A19103F-16F7-4668-BE54-9A1E7A4F7556}") = "ExtTableEditor", "ScadaAdmin\OpenExtensions\ExtTableEditor\ExtTableEditor.csproj", "{2BF0EE95-3BC2-4D4F-862F-0277C8AFA53F}"
EndProject
Project("{9A19103F-16F7-4668-BE54-9A1E7A4F7556}") = "ExtWebConfig", "ScadaAdmin\OpenExtensions\ExtWebConfig\ExtWebConfig.csproj", "{2DF96A03-F6BE-434D-AC0D-DC0BF91DA8C6}"
EndProject
Project("{2150E333-8FDC-42A3-9474-1A3956D46DE8}") = "scada-v6", "scada-v6", "{512B212D-4CC2-4A02-9B3C-60ADF33C7944}"
EndProject
Project("{9A19103F-16F7-4668-BE54-9A1E7A4F7556}") = "ScadaWebCommon", "ScadaWeb\ScadaWeb\ScadaWebCommon\ScadaWebCommon.csproj", "{985E0A3D-87BB-4C1D-990B-971473A6532A}"
EndProject
Project("{2150E333-8FDC-42A3-9474-1A3956D46DE8}") = "OpenPlugins", "OpenPlugins", "{4293CA36-BC1D-42E1-A88C-B4D2460D9695}"
EndProject
Project("{9A19103F-16F7-4668-BE54-9A1E7A4F7556}") = "PlgMain.Common", "ScadaWeb\OpenPlugins\PlgMain.Common\PlgMain.Common.csproj", "{05BF327A-B7F2-4FD6-8F35-A587234972ED}"
EndProject
Project("{9A19103F-16F7-4668-BE54-9A1E7A4F7556}") = "PlgMain.View", "ScadaWeb\OpenPlugins\PlgMain.View\PlgMain.View.csproj", "{07F03F76-1FD1-4B5D-B189-E53F2D129DB5}"
EndProject
Global
	GlobalSection(SolutionConfigurationPlatforms) = preSolution
		Debug|Any CPU = Debug|Any CPU
		Release|Any CPU = Release|Any CPU
	EndGlobalSection
	GlobalSection(ProjectConfigurationPlatforms) = postSolution
		{424ED101-C8F7-455A-91D5-4485364BAEC3}.Debug|Any CPU.ActiveCfg = Debug|Any CPU
		{424ED101-C8F7-455A-91D5-4485364BAEC3}.Debug|Any CPU.Build.0 = Debug|Any CPU
		{424ED101-C8F7-455A-91D5-4485364BAEC3}.Release|Any CPU.ActiveCfg = Release|Any CPU
		{424ED101-C8F7-455A-91D5-4485364BAEC3}.Release|Any CPU.Build.0 = Release|Any CPU
		{93E80CB0-18BB-4D6F-80DB-8814B1ED3784}.Debug|Any CPU.ActiveCfg = Debug|Any CPU
		{93E80CB0-18BB-4D6F-80DB-8814B1ED3784}.Debug|Any CPU.Build.0 = Debug|Any CPU
		{93E80CB0-18BB-4D6F-80DB-8814B1ED3784}.Release|Any CPU.ActiveCfg = Release|Any CPU
		{93E80CB0-18BB-4D6F-80DB-8814B1ED3784}.Release|Any CPU.Build.0 = Release|Any CPU
		{6CD8C868-3D28-4660-8096-31FBDEF99552}.Debug|Any CPU.ActiveCfg = Debug|Any CPU
		{6CD8C868-3D28-4660-8096-31FBDEF99552}.Debug|Any CPU.Build.0 = Debug|Any CPU
		{6CD8C868-3D28-4660-8096-31FBDEF99552}.Release|Any CPU.ActiveCfg = Release|Any CPU
		{6CD8C868-3D28-4660-8096-31FBDEF99552}.Release|Any CPU.Build.0 = Release|Any CPU
		{7243B0F4-5628-49B8-8711-B06E65215572}.Debug|Any CPU.ActiveCfg = Debug|Any CPU
		{7243B0F4-5628-49B8-8711-B06E65215572}.Debug|Any CPU.Build.0 = Debug|Any CPU
		{7243B0F4-5628-49B8-8711-B06E65215572}.Release|Any CPU.ActiveCfg = Release|Any CPU
		{7243B0F4-5628-49B8-8711-B06E65215572}.Release|Any CPU.Build.0 = Release|Any CPU
		{2B655F51-38A1-44C2-9D50-BB912FA58387}.Debug|Any CPU.ActiveCfg = Debug|Any CPU
		{2B655F51-38A1-44C2-9D50-BB912FA58387}.Debug|Any CPU.Build.0 = Debug|Any CPU
		{2B655F51-38A1-44C2-9D50-BB912FA58387}.Release|Any CPU.ActiveCfg = Release|Any CPU
		{2B655F51-38A1-44C2-9D50-BB912FA58387}.Release|Any CPU.Build.0 = Release|Any CPU
		{AC3ECCD3-7A37-4504-8ABA-1EB696E76748}.Debug|Any CPU.ActiveCfg = Debug|Any CPU
		{AC3ECCD3-7A37-4504-8ABA-1EB696E76748}.Debug|Any CPU.Build.0 = Debug|Any CPU
		{AC3ECCD3-7A37-4504-8ABA-1EB696E76748}.Release|Any CPU.ActiveCfg = Release|Any CPU
		{AC3ECCD3-7A37-4504-8ABA-1EB696E76748}.Release|Any CPU.Build.0 = Release|Any CPU
		{316FD41E-C1C1-45C5-BEF1-32A2D326FA96}.Debug|Any CPU.ActiveCfg = Debug|Any CPU
		{316FD41E-C1C1-45C5-BEF1-32A2D326FA96}.Debug|Any CPU.Build.0 = Debug|Any CPU
		{316FD41E-C1C1-45C5-BEF1-32A2D326FA96}.Release|Any CPU.ActiveCfg = Release|Any CPU
		{316FD41E-C1C1-45C5-BEF1-32A2D326FA96}.Release|Any CPU.Build.0 = Release|Any CPU
		{10812A6E-B94B-4C6E-84C7-0BF363B7EE5C}.Debug|Any CPU.ActiveCfg = Debug|Any CPU
		{10812A6E-B94B-4C6E-84C7-0BF363B7EE5C}.Debug|Any CPU.Build.0 = Debug|Any CPU
		{10812A6E-B94B-4C6E-84C7-0BF363B7EE5C}.Release|Any CPU.ActiveCfg = Release|Any CPU
		{10812A6E-B94B-4C6E-84C7-0BF363B7EE5C}.Release|Any CPU.Build.0 = Release|Any CPU
		{54361B82-0A56-484E-BFA1-5B3091A1C305}.Debug|Any CPU.ActiveCfg = Debug|Any CPU
		{54361B82-0A56-484E-BFA1-5B3091A1C305}.Debug|Any CPU.Build.0 = Debug|Any CPU
		{54361B82-0A56-484E-BFA1-5B3091A1C305}.Release|Any CPU.ActiveCfg = Release|Any CPU
		{54361B82-0A56-484E-BFA1-5B3091A1C305}.Release|Any CPU.Build.0 = Release|Any CPU
		{F5678DD0-88AF-4B02-B57A-C1F98AAEFFC8}.Debug|Any CPU.ActiveCfg = Debug|Any CPU
		{F5678DD0-88AF-4B02-B57A-C1F98AAEFFC8}.Debug|Any CPU.Build.0 = Debug|Any CPU
		{F5678DD0-88AF-4B02-B57A-C1F98AAEFFC8}.Release|Any CPU.ActiveCfg = Release|Any CPU
		{F5678DD0-88AF-4B02-B57A-C1F98AAEFFC8}.Release|Any CPU.Build.0 = Release|Any CPU
		{D2B3E542-E416-42D8-8E7D-2DB8F04BAEDD}.Debug|Any CPU.ActiveCfg = Debug|Any CPU
		{D2B3E542-E416-42D8-8E7D-2DB8F04BAEDD}.Debug|Any CPU.Build.0 = Debug|Any CPU
		{D2B3E542-E416-42D8-8E7D-2DB8F04BAEDD}.Release|Any CPU.ActiveCfg = Release|Any CPU
		{D2B3E542-E416-42D8-8E7D-2DB8F04BAEDD}.Release|Any CPU.Build.0 = Release|Any CPU
		{0DEBF307-41EA-4368-9DF3-59C0366CE5CB}.Debug|Any CPU.ActiveCfg = Debug|Any CPU
		{0DEBF307-41EA-4368-9DF3-59C0366CE5CB}.Debug|Any CPU.Build.0 = Debug|Any CPU
		{0DEBF307-41EA-4368-9DF3-59C0366CE5CB}.Release|Any CPU.ActiveCfg = Release|Any CPU
		{0DEBF307-41EA-4368-9DF3-59C0366CE5CB}.Release|Any CPU.Build.0 = Release|Any CPU
		{C27D87AE-46E4-46B9-9C88-46F8DFB863D1}.Debug|Any CPU.ActiveCfg = Debug|Any CPU
		{C27D87AE-46E4-46B9-9C88-46F8DFB863D1}.Debug|Any CPU.Build.0 = Debug|Any CPU
		{C27D87AE-46E4-46B9-9C88-46F8DFB863D1}.Release|Any CPU.ActiveCfg = Release|Any CPU
		{C27D87AE-46E4-46B9-9C88-46F8DFB863D1}.Release|Any CPU.Build.0 = Release|Any CPU
		{B1819195-2F5F-496D-9D02-85F01BAB9A6E}.Debug|Any CPU.ActiveCfg = Debug|Any CPU
		{B1819195-2F5F-496D-9D02-85F01BAB9A6E}.Debug|Any CPU.Build.0 = Debug|Any CPU
		{B1819195-2F5F-496D-9D02-85F01BAB9A6E}.Release|Any CPU.ActiveCfg = Release|Any CPU
		{B1819195-2F5F-496D-9D02-85F01BAB9A6E}.Release|Any CPU.Build.0 = Release|Any CPU
		{2BF0EE95-3BC2-4D4F-862F-0277C8AFA53F}.Debug|Any CPU.ActiveCfg = Debug|Any CPU
		{2BF0EE95-3BC2-4D4F-862F-0277C8AFA53F}.Debug|Any CPU.Build.0 = Debug|Any CPU
		{2BF0EE95-3BC2-4D4F-862F-0277C8AFA53F}.Release|Any CPU.ActiveCfg = Release|Any CPU
		{2BF0EE95-3BC2-4D4F-862F-0277C8AFA53F}.Release|Any CPU.Build.0 = Release|Any CPU
		{2DF96A03-F6BE-434D-AC0D-DC0BF91DA8C6}.Debug|Any CPU.ActiveCfg = Debug|Any CPU
		{2DF96A03-F6BE-434D-AC0D-DC0BF91DA8C6}.Debug|Any CPU.Build.0 = Debug|Any CPU
		{2DF96A03-F6BE-434D-AC0D-DC0BF91DA8C6}.Release|Any CPU.ActiveCfg = Release|Any CPU
		{2DF96A03-F6BE-434D-AC0D-DC0BF91DA8C6}.Release|Any CPU.Build.0 = Release|Any CPU
		{985E0A3D-87BB-4C1D-990B-971473A6532A}.Debug|Any CPU.ActiveCfg = Debug|Any CPU
		{985E0A3D-87BB-4C1D-990B-971473A6532A}.Debug|Any CPU.Build.0 = Debug|Any CPU
		{985E0A3D-87BB-4C1D-990B-971473A6532A}.Release|Any CPU.ActiveCfg = Release|Any CPU
		{985E0A3D-87BB-4C1D-990B-971473A6532A}.Release|Any CPU.Build.0 = Release|Any CPU
		{05BF327A-B7F2-4FD6-8F35-A587234972ED}.Debug|Any CPU.ActiveCfg = Debug|Any CPU
		{05BF327A-B7F2-4FD6-8F35-A587234972ED}.Debug|Any CPU.Build.0 = Debug|Any CPU
		{05BF327A-B7F2-4FD6-8F35-A587234972ED}.Release|Any CPU.ActiveCfg = Release|Any CPU
		{05BF327A-B7F2-4FD6-8F35-A587234972ED}.Release|Any CPU.Build.0 = Release|Any CPU
		{07F03F76-1FD1-4B5D-B189-E53F2D129DB5}.Debug|Any CPU.ActiveCfg = Debug|Any CPU
		{07F03F76-1FD1-4B5D-B189-E53F2D129DB5}.Debug|Any CPU.Build.0 = Debug|Any CPU
		{07F03F76-1FD1-4B5D-B189-E53F2D129DB5}.Release|Any CPU.ActiveCfg = Release|Any CPU
		{07F03F76-1FD1-4B5D-B189-E53F2D129DB5}.Release|Any CPU.Build.0 = Release|Any CPU
	EndGlobalSection
	GlobalSection(SolutionProperties) = preSolution
		HideSolutionNode = FALSE
	EndGlobalSection
	GlobalSection(NestedProjects) = preSolution
		{1FDD4584-BEB6-4385-8489-1710993246E3} = {512B212D-4CC2-4A02-9B3C-60ADF33C7944}
		{424ED101-C8F7-455A-91D5-4485364BAEC3} = {1FDD4584-BEB6-4385-8489-1710993246E3}
		{93E80CB0-18BB-4D6F-80DB-8814B1ED3784} = {1FDD4584-BEB6-4385-8489-1710993246E3}
		{6CD8C868-3D28-4660-8096-31FBDEF99552} = {1FDD4584-BEB6-4385-8489-1710993246E3}
		{FCBEA607-E45D-4644-A886-18E83F5118EE} = {512B212D-4CC2-4A02-9B3C-60ADF33C7944}
		{7243B0F4-5628-49B8-8711-B06E65215572} = {FCBEA607-E45D-4644-A886-18E83F5118EE}
		{4B9A6265-441C-45A7-A554-EF430CE830EE} = {512B212D-4CC2-4A02-9B3C-60ADF33C7944}
		{2B655F51-38A1-44C2-9D50-BB912FA58387} = {4B9A6265-441C-45A7-A554-EF430CE830EE}
		{06784607-02E0-4F28-95E2-2A64C12105C1} = {512B212D-4CC2-4A02-9B3C-60ADF33C7944}
		{AC3ECCD3-7A37-4504-8ABA-1EB696E76748} = {06784607-02E0-4F28-95E2-2A64C12105C1}
		{06332CDF-2857-42FC-98C0-B2A5666C4C6B} = {512B212D-4CC2-4A02-9B3C-60ADF33C7944}
		{316FD41E-C1C1-45C5-BEF1-32A2D326FA96} = {06332CDF-2857-42FC-98C0-B2A5666C4C6B}
		{10812A6E-B94B-4C6E-84C7-0BF363B7EE5C} = {06332CDF-2857-42FC-98C0-B2A5666C4C6B}
		{1CA27352-B80F-4EFD-B23B-F7AF23517A7B} = {512B212D-4CC2-4A02-9B3C-60ADF33C7944}
		{54361B82-0A56-484E-BFA1-5B3091A1C305} = {1CA27352-B80F-4EFD-B23B-F7AF23517A7B}
		{F99032DA-CA89-4AA4-BD94-954FBB89B449} = {06332CDF-2857-42FC-98C0-B2A5666C4C6B}
		{F5678DD0-88AF-4B02-B57A-C1F98AAEFFC8} = {F99032DA-CA89-4AA4-BD94-954FBB89B449}
		{D2B3E542-E416-42D8-8E7D-2DB8F04BAEDD} = {F99032DA-CA89-4AA4-BD94-954FBB89B449}
		{0DEBF307-41EA-4368-9DF3-59C0366CE5CB} = {F99032DA-CA89-4AA4-BD94-954FBB89B449}
		{C27D87AE-46E4-46B9-9C88-46F8DFB863D1} = {F99032DA-CA89-4AA4-BD94-954FBB89B449}
		{B1819195-2F5F-496D-9D02-85F01BAB9A6E} = {F99032DA-CA89-4AA4-BD94-954FBB89B449}
		{2BF0EE95-3BC2-4D4F-862F-0277C8AFA53F} = {F99032DA-CA89-4AA4-BD94-954FBB89B449}
		{2DF96A03-F6BE-434D-AC0D-DC0BF91DA8C6} = {F99032DA-CA89-4AA4-BD94-954FBB89B449}
		{985E0A3D-87BB-4C1D-990B-971473A6532A} = {06784607-02E0-4F28-95E2-2A64C12105C1}
		{4293CA36-BC1D-42E1-A88C-B4D2460D9695} = {06784607-02E0-4F28-95E2-2A64C12105C1}
		{05BF327A-B7F2-4FD6-8F35-A587234972ED} = {4293CA36-BC1D-42E1-A88C-B4D2460D9695}
		{07F03F76-1FD1-4B5D-B189-E53F2D129DB5} = {4293CA36-BC1D-42E1-A88C-B4D2460D9695}
	EndGlobalSection
	GlobalSection(ExtensibilityGlobals) = postSolution
		SolutionGuid = {4B2AEE19-147C-4872-B3D6-492C601FB686}
	EndGlobalSection
EndGlobal
