
Microsoft Visual Studio Solution File, Format Version 12.00
# Visual Studio Version 17
VisualStudioVersion = 17.7.34003.232
MinimumVisualStudioVersion = 10.0.40219.1
Project("{2150E333-8FDC-42A3-9474-1A3956D46DE8}") = "ScadaCommon", "ScadaCommon", "{1FDD4584-BEB6-4385-8489-1710993246E3}"
EndProject
Project("{9A19103F-16F7-4668-BE54-9A1E7A4F7556}") = "ScadaCommon.Log", "ScadaCommon\ScadaCommon.Log\ScadaCommon.Log.csproj", "{424ED101-C8F7-455A-91D5-4485364BAEC3}"
EndProject
Project("{9A19103F-16F7-4668-BE54-9A1E7A4F7556}") = "ScadaCommon", "ScadaCommon\ScadaCommon\ScadaCommon.csproj", "{93E80CB0-18BB-4D6F-80DB-8814B1ED3784}"
EndProject
Project("{2150E333-8FDC-42A3-9474-1A3956D46DE8}") = "ScadaWeb", "ScadaWeb", "{06784607-02E0-4F28-95E2-2A64C12105C1}"
EndProject
Project("{9A19103F-16F7-4668-BE54-9A1E7A4F7556}") = "ScadaWebCommon", "ScadaWeb\ScadaWeb\ScadaWebCommon\ScadaWebCommon.csproj", "{DA247CCA-D402-4426-91F0-747DA37CC3D9}"
EndProject
Project("{9A19103F-16F7-4668-BE54-9A1E7A4F7556}") = "ScadaWeb", "ScadaWeb\ScadaWeb\ScadaWeb\ScadaWeb.csproj", "{E6A630B2-5BFF-4385-B455-BF336255E9CA}"
EndProject
Project("{2150E333-8FDC-42A3-9474-1A3956D46DE8}") = "OpenPlugins", "OpenPlugins", "{37790214-E585-4032-A00C-256FDDDC380E}"
EndProject
Project("{2150E333-8FDC-42A3-9474-1A3956D46DE8}") = "PlgChart", "PlgChart", "{EEB0CE38-D851-46CF-99FA-946F3697670C}"
EndProject
Project("{2150E333-8FDC-42A3-9474-1A3956D46DE8}") = "PlgMain", "PlgMain", "{B0DF6975-12D5-4E82-A2FD-31A70F7229D9}"
EndProject
Project("{2150E333-8FDC-42A3-9474-1A3956D46DE8}") = "PlgSchBasicComp", "PlgSchBasicComp", "{874B6413-E05E-4229-BADE-6B0697AC1F6F}"
EndProject
Project("{2150E333-8FDC-42A3-9474-1A3956D46DE8}") = "PlgScheme", "PlgScheme", "{45BC8572-B380-4FA8-8725-B05008BFA056}"
EndProject
Project("{2150E333-8FDC-42A3-9474-1A3956D46DE8}") = "PlgWebPage", "PlgWebPage", "{24AA1343-84A6-497F-9E4B-33BD12BFCFCF}"
EndProject
Project("{9A19103F-16F7-4668-BE54-9A1E7A4F7556}") = "PlgChart", "ScadaWeb\OpenPlugins\PlgChart\PlgChart.csproj", "{6DB9B6E7-ACB3-4D82-A43F-BA4C71B386DA}"
EndProject
Project("{9A19103F-16F7-4668-BE54-9A1E7A4F7556}") = "PlgChart.Common", "ScadaWeb\OpenPlugins\PlgChart.Common\PlgChart.Common.csproj", "{C07CE239-3BFB-4078-B8DB-03C9407AE92F}"
EndProject
Project("{9A19103F-16F7-4668-BE54-9A1E7A4F7556}") = "PlgChart.View", "ScadaWeb\OpenPlugins\PlgChart.View\PlgChart.View.csproj", "{C2F2FF9F-A9FE-4375-8AE6-0B8037F75B23}"
EndProject
Project("{9A19103F-16F7-4668-BE54-9A1E7A4F7556}") = "PlgMain.View", "ScadaWeb\OpenPlugins\PlgMain.View\PlgMain.View.csproj", "{754158BA-2660-4074-BADA-4C8221BC397D}"
EndProject
Project("{9A19103F-16F7-4668-BE54-9A1E7A4F7556}") = "PlgMain.Report", "ScadaWeb\OpenPlugins\PlgMain.Report\PlgMain.Report.csproj", "{D90C6BCA-CE02-48CD-B04E-B02AA84A6AD4}"
EndProject
Project("{9A19103F-16F7-4668-BE54-9A1E7A4F7556}") = "PlgMain.Common", "ScadaWeb\OpenPlugins\PlgMain.Common\PlgMain.Common.csproj", "{DDE6760E-48F4-48E1-86CC-B6023D9E1DC3}"
EndProject
Project("{9A19103F-16F7-4668-BE54-9A1E7A4F7556}") = "PlgMain", "ScadaWeb\OpenPlugins\PlgMain\PlgMain.csproj", "{E074FB1E-3527-424E-BAAC-621B42A7FCE1}"
EndProject
Project("{9A19103F-16F7-4668-BE54-9A1E7A4F7556}") = "PlgWebPage.View", "ScadaWeb\OpenPlugins\PlgWebPage.View\PlgWebPage.View.csproj", "{0022BD17-089E-41DA-B9F9-8C0ED1A8B10B}"
EndProject
Project("{9A19103F-16F7-4668-BE54-9A1E7A4F7556}") = "PlgWebPage", "ScadaWeb\OpenPlugins\PlgWebPage\PlgWebPage.csproj", "{F81FA0A9-4CD8-44DB-B5D9-D7508C2A7987}"
EndProject
Project("{9A19103F-16F7-4668-BE54-9A1E7A4F7556}") = "PlgScheme.View", "ScadaWeb\OpenPlugins\PlgScheme.View\PlgScheme.View.csproj", "{E7F5F03C-7727-4AA7-8865-1EDEC8A103D1}"
EndProject
Project("{9A19103F-16F7-4668-BE54-9A1E7A4F7556}") = "PlgScheme.Editor", "ScadaWeb\OpenPlugins\PlgScheme.Editor\PlgScheme.Editor.csproj", "{3F1AAC60-ABB4-4C80-9458-3FA798460DF7}"
EndProject
Project("{9A19103F-16F7-4668-BE54-9A1E7A4F7556}") = "PlgScheme.Common", "ScadaWeb\OpenPlugins\PlgScheme.Common\PlgScheme.Common.csproj", "{EFBF882D-FDD0-4BB8-9F85-01A1B6762347}"
EndProject
Project("{9A19103F-16F7-4668-BE54-9A1E7A4F7556}") = "PlgSchBasicComp.View", "ScadaWeb\OpenPlugins\PlgSchBasicComp.View\PlgSchBasicComp.View.csproj", "{61F9B9FB-1113-4CFD-B7F7-56D32960762B}"
EndProject
Project("{9A19103F-16F7-4668-BE54-9A1E7A4F7556}") = "PlgSchBasicComp", "ScadaWeb\OpenPlugins\PlgSchBasicComp\PlgSchBasicComp.csproj", "{2336BDDF-8BFB-4272-A1C8-0FC6A78B8172}"
EndProject
Project("{2150E333-8FDC-42A3-9474-1A3956D46DE8}") = "scada-v6", "scada-v6", "{BFA9F92F-BFCA-424D-AF6C-CD98BD97E020}"
EndProject
Project("{9A19103F-16F7-4668-BE54-9A1E7A4F7556}") = "PlgScheme", "ScadaWeb\OpenPlugins\PlgScheme\PlgScheme.csproj", "{3E56836A-730D-41D9-B841-5B695E71303A}"
EndProject
Project("{9A19103F-16F7-4668-BE54-9A1E7A4F7556}") = "ScadaWebCommon.Subset", "ScadaWeb\ScadaWeb\ScadaWebCommon.Subset\ScadaWebCommon.Subset.csproj", "{E0EFAC31-74E0-4EC0-B2AD-3FADF346AC0B}"
EndProject
Project("{9A19103F-16F7-4668-BE54-9A1E7A4F7556}") = "ScadaReport", "ScadaReport\ScadaReport\ScadaReport.csproj", "{EDF7D810-D6B0-49D5-A2E1-19AC25676229}"
EndProject
Global
	GlobalSection(SolutionConfigurationPlatforms) = preSolution
		Debug|Any CPU = Debug|Any CPU
		Release|Any CPU = Release|Any CPU
	EndGlobalSection
	GlobalSection(ProjectConfigurationPlatforms) = postSolution
		{424ED101-C8F7-455A-91D5-4485364BAEC3}.Debug|Any CPU.ActiveCfg = Debug|Any CPU
		{424ED101-C8F7-455A-91D5-4485364BAEC3}.Debug|Any CPU.Build.0 = Debug|Any CPU
		{424ED101-C8F7-455A-91D5-4485364BAEC3}.Release|Any CPU.ActiveCfg = Release|Any CPU
		{424ED101-C8F7-455A-91D5-4485364BAEC3}.Release|Any CPU.Build.0 = Release|Any CPU
		{93E80CB0-18BB-4D6F-80DB-8814B1ED3784}.Debug|Any CPU.ActiveCfg = Debug|Any CPU
		{93E80CB0-18BB-4D6F-80DB-8814B1ED3784}.Debug|Any CPU.Build.0 = Debug|Any CPU
		{93E80CB0-18BB-4D6F-80DB-8814B1ED3784}.Release|Any CPU.ActiveCfg = Release|Any CPU
		{93E80CB0-18BB-4D6F-80DB-8814B1ED3784}.Release|Any CPU.Build.0 = Release|Any CPU
		{DA247CCA-D402-4426-91F0-747DA37CC3D9}.Debug|Any CPU.ActiveCfg = Debug|Any CPU
		{DA247CCA-D402-4426-91F0-747DA37CC3D9}.Debug|Any CPU.Build.0 = Debug|Any CPU
		{DA247CCA-D402-4426-91F0-747DA37CC3D9}.Release|Any CPU.ActiveCfg = Release|Any CPU
		{DA247CCA-D402-4426-91F0-747DA37CC3D9}.Release|Any CPU.Build.0 = Release|Any CPU
		{E6A630B2-5BFF-4385-B455-BF336255E9CA}.Debug|Any CPU.ActiveCfg = Debug|Any CPU
		{E6A630B2-5BFF-4385-B455-BF336255E9CA}.Debug|Any CPU.Build.0 = Debug|Any CPU
		{E6A630B2-5BFF-4385-B455-BF336255E9CA}.Release|Any CPU.ActiveCfg = Release|Any CPU
		{E6A630B2-5BFF-4385-B455-BF336255E9CA}.Release|Any CPU.Build.0 = Release|Any CPU
		{6DB9B6E7-ACB3-4D82-A43F-BA4C71B386DA}.Debug|Any CPU.ActiveCfg = Debug|Any CPU
		{6DB9B6E7-ACB3-4D82-A43F-BA4C71B386DA}.Debug|Any CPU.Build.0 = Debug|Any CPU
		{6DB9B6E7-ACB3-4D82-A43F-BA4C71B386DA}.Release|Any CPU.ActiveCfg = Release|Any CPU
		{6DB9B6E7-ACB3-4D82-A43F-BA4C71B386DA}.Release|Any CPU.Build.0 = Release|Any CPU
		{C07CE239-3BFB-4078-B8DB-03C9407AE92F}.Debug|Any CPU.ActiveCfg = Debug|Any CPU
		{C07CE239-3BFB-4078-B8DB-03C9407AE92F}.Debug|Any CPU.Build.0 = Debug|Any CPU
		{C07CE239-3BFB-4078-B8DB-03C9407AE92F}.Release|Any CPU.ActiveCfg = Release|Any CPU
		{C07CE239-3BFB-4078-B8DB-03C9407AE92F}.Release|Any CPU.Build.0 = Release|Any CPU
		{C2F2FF9F-A9FE-4375-8AE6-0B8037F75B23}.Debug|Any CPU.ActiveCfg = Debug|Any CPU
		{C2F2FF9F-A9FE-4375-8AE6-0B8037F75B23}.Debug|Any CPU.Build.0 = Debug|Any CPU
		{C2F2FF9F-A9FE-4375-8AE6-0B8037F75B23}.Release|Any CPU.ActiveCfg = Release|Any CPU
		{C2F2FF9F-A9FE-4375-8AE6-0B8037F75B23}.Release|Any CPU.Build.0 = Release|Any CPU
		{754158BA-2660-4074-BADA-4C8221BC397D}.Debug|Any CPU.ActiveCfg = Debug|Any CPU
		{754158BA-2660-4074-BADA-4C8221BC397D}.Debug|Any CPU.Build.0 = Debug|Any CPU
		{754158BA-2660-4074-BADA-4C8221BC397D}.Release|Any CPU.ActiveCfg = Release|Any CPU
		{754158BA-2660-4074-BADA-4C8221BC397D}.Release|Any CPU.Build.0 = Release|Any CPU
		{D90C6BCA-CE02-48CD-B04E-B02AA84A6AD4}.Debug|Any CPU.ActiveCfg = Debug|Any CPU
		{D90C6BCA-CE02-48CD-B04E-B02AA84A6AD4}.Debug|Any CPU.Build.0 = Debug|Any CPU
		{D90C6BCA-CE02-48CD-B04E-B02AA84A6AD4}.Release|Any CPU.ActiveCfg = Release|Any CPU
		{D90C6BCA-CE02-48CD-B04E-B02AA84A6AD4}.Release|Any CPU.Build.0 = Release|Any CPU
		{DDE6760E-48F4-48E1-86CC-B6023D9E1DC3}.Debug|Any CPU.ActiveCfg = Debug|Any CPU
		{DDE6760E-48F4-48E1-86CC-B6023D9E1DC3}.Debug|Any CPU.Build.0 = Debug|Any CPU
		{DDE6760E-48F4-48E1-86CC-B6023D9E1DC3}.Release|Any CPU.ActiveCfg = Release|Any CPU
		{DDE6760E-48F4-48E1-86CC-B6023D9E1DC3}.Release|Any CPU.Build.0 = Release|Any CPU
		{E074FB1E-3527-424E-BAAC-621B42A7FCE1}.Debug|Any CPU.ActiveCfg = Debug|Any CPU
		{E074FB1E-3527-424E-BAAC-621B42A7FCE1}.Debug|Any CPU.Build.0 = Debug|Any CPU
		{E074FB1E-3527-424E-BAAC-621B42A7FCE1}.Release|Any CPU.ActiveCfg = Release|Any CPU
		{E074FB1E-3527-424E-BAAC-621B42A7FCE1}.Release|Any CPU.Build.0 = Release|Any CPU
		{0022BD17-089E-41DA-B9F9-8C0ED1A8B10B}.Debug|Any CPU.ActiveCfg = Debug|Any CPU
		{0022BD17-089E-41DA-B9F9-8C0ED1A8B10B}.Debug|Any CPU.Build.0 = Debug|Any CPU
		{0022BD17-089E-41DA-B9F9-8C0ED1A8B10B}.Release|Any CPU.ActiveCfg = Release|Any CPU
		{0022BD17-089E-41DA-B9F9-8C0ED1A8B10B}.Release|Any CPU.Build.0 = Release|Any CPU
		{F81FA0A9-4CD8-44DB-B5D9-D7508C2A7987}.Debug|Any CPU.ActiveCfg = Debug|Any CPU
		{F81FA0A9-4CD8-44DB-B5D9-D7508C2A7987}.Debug|Any CPU.Build.0 = Debug|Any CPU
		{F81FA0A9-4CD8-44DB-B5D9-D7508C2A7987}.Release|Any CPU.ActiveCfg = Release|Any CPU
		{F81FA0A9-4CD8-44DB-B5D9-D7508C2A7987}.Release|Any CPU.Build.0 = Release|Any CPU
		{E7F5F03C-7727-4AA7-8865-1EDEC8A103D1}.Debug|Any CPU.ActiveCfg = Debug|Any CPU
		{E7F5F03C-7727-4AA7-8865-1EDEC8A103D1}.Debug|Any CPU.Build.0 = Debug|Any CPU
		{E7F5F03C-7727-4AA7-8865-1EDEC8A103D1}.Release|Any CPU.ActiveCfg = Release|Any CPU
		{E7F5F03C-7727-4AA7-8865-1EDEC8A103D1}.Release|Any CPU.Build.0 = Release|Any CPU
		{3F1AAC60-ABB4-4C80-9458-3FA798460DF7}.Debug|Any CPU.ActiveCfg = Debug|Any CPU
		{3F1AAC60-ABB4-4C80-9458-3FA798460DF7}.Debug|Any CPU.Build.0 = Debug|Any CPU
		{3F1AAC60-ABB4-4C80-9458-3FA798460DF7}.Release|Any CPU.ActiveCfg = Release|Any CPU
		{3F1AAC60-ABB4-4C80-9458-3FA798460DF7}.Release|Any CPU.Build.0 = Release|Any CPU
		{EFBF882D-FDD0-4BB8-9F85-01A1B6762347}.Debug|Any CPU.ActiveCfg = Debug|Any CPU
		{EFBF882D-FDD0-4BB8-9F85-01A1B6762347}.Debug|Any CPU.Build.0 = Debug|Any CPU
		{EFBF882D-FDD0-4BB8-9F85-01A1B6762347}.Release|Any CPU.ActiveCfg = Release|Any CPU
		{EFBF882D-FDD0-4BB8-9F85-01A1B6762347}.Release|Any CPU.Build.0 = Release|Any CPU
		{61F9B9FB-1113-4CFD-B7F7-56D32960762B}.Debug|Any CPU.ActiveCfg = Debug|Any CPU
		{61F9B9FB-1113-4CFD-B7F7-56D32960762B}.Debug|Any CPU.Build.0 = Debug|Any CPU
		{61F9B9FB-1113-4CFD-B7F7-56D32960762B}.Release|Any CPU.ActiveCfg = Release|Any CPU
		{61F9B9FB-1113-4CFD-B7F7-56D32960762B}.Release|Any CPU.Build.0 = Release|Any CPU
		{2336BDDF-8BFB-4272-A1C8-0FC6A78B8172}.Debug|Any CPU.ActiveCfg = Debug|Any CPU
		{2336BDDF-8BFB-4272-A1C8-0FC6A78B8172}.Debug|Any CPU.Build.0 = Debug|Any CPU
		{2336BDDF-8BFB-4272-A1C8-0FC6A78B8172}.Release|Any CPU.ActiveCfg = Release|Any CPU
		{2336BDDF-8BFB-4272-A1C8-0FC6A78B8172}.Release|Any CPU.Build.0 = Release|Any CPU
		{3E56836A-730D-41D9-B841-5B695E71303A}.Debug|Any CPU.ActiveCfg = Debug|Any CPU
		{3E56836A-730D-41D9-B841-5B695E71303A}.Debug|Any CPU.Build.0 = Debug|Any CPU
		{3E56836A-730D-41D9-B841-5B695E71303A}.Release|Any CPU.ActiveCfg = Release|Any CPU
		{3E56836A-730D-41D9-B841-5B695E71303A}.Release|Any CPU.Build.0 = Release|Any CPU
		{E0EFAC31-74E0-4EC0-B2AD-3FADF346AC0B}.Debug|Any CPU.ActiveCfg = Debug|Any CPU
		{E0EFAC31-74E0-4EC0-B2AD-3FADF346AC0B}.Debug|Any CPU.Build.0 = Debug|Any CPU
		{E0EFAC31-74E0-4EC0-B2AD-3FADF346AC0B}.Release|Any CPU.ActiveCfg = Release|Any CPU
		{E0EFAC31-74E0-4EC0-B2AD-3FADF346AC0B}.Release|Any CPU.Build.0 = Release|Any CPU
		{EDF7D810-D6B0-49D5-A2E1-19AC25676229}.Debug|Any CPU.ActiveCfg = Debug|Any CPU
		{EDF7D810-D6B0-49D5-A2E1-19AC25676229}.Debug|Any CPU.Build.0 = Debug|Any CPU
		{EDF7D810-D6B0-49D5-A2E1-19AC25676229}.Release|Any CPU.ActiveCfg = Release|Any CPU
		{EDF7D810-D6B0-49D5-A2E1-19AC25676229}.Release|Any CPU.Build.0 = Release|Any CPU
	EndGlobalSection
	GlobalSection(SolutionProperties) = preSolution
		HideSolutionNode = FALSE
	EndGlobalSection
	GlobalSection(NestedProjects) = preSolution
		{1FDD4584-BEB6-4385-8489-1710993246E3} = {BFA9F92F-BFCA-424D-AF6C-CD98BD97E020}
		{424ED101-C8F7-455A-91D5-4485364BAEC3} = {1FDD4584-BEB6-4385-8489-1710993246E3}
		{93E80CB0-18BB-4D6F-80DB-8814B1ED3784} = {1FDD4584-BEB6-4385-8489-1710993246E3}
		{06784607-02E0-4F28-95E2-2A64C12105C1} = {BFA9F92F-BFCA-424D-AF6C-CD98BD97E020}
		{DA247CCA-D402-4426-91F0-747DA37CC3D9} = {06784607-02E0-4F28-95E2-2A64C12105C1}
		{E6A630B2-5BFF-4385-B455-BF336255E9CA} = {06784607-02E0-4F28-95E2-2A64C12105C1}
		{37790214-E585-4032-A00C-256FDDDC380E} = {06784607-02E0-4F28-95E2-2A64C12105C1}
		{EEB0CE38-D851-46CF-99FA-946F3697670C} = {37790214-E585-4032-A00C-256FDDDC380E}
		{B0DF6975-12D5-4E82-A2FD-31A70F7229D9} = {37790214-E585-4032-A00C-256FDDDC380E}
		{874B6413-E05E-4229-BADE-6B0697AC1F6F} = {37790214-E585-4032-A00C-256FDDDC380E}
		{45BC8572-B380-4FA8-8725-B05008BFA056} = {37790214-E585-4032-A00C-256FDDDC380E}
		{24AA1343-84A6-497F-9E4B-33BD12BFCFCF} = {37790214-E585-4032-A00C-256FDDDC380E}
		{6DB9B6E7-ACB3-4D82-A43F-BA4C71B386DA} = {EEB0CE38-D851-46CF-99FA-946F3697670C}
		{C07CE239-3BFB-4078-B8DB-03C9407AE92F} = {EEB0CE38-D851-46CF-99FA-946F3697670C}
		{C2F2FF9F-A9FE-4375-8AE6-0B8037F75B23} = {EEB0CE38-D851-46CF-99FA-946F3697670C}
		{754158BA-2660-4074-BADA-4C8221BC397D} = {B0DF6975-12D5-4E82-A2FD-31A70F7229D9}
		{D90C6BCA-CE02-48CD-B04E-B02AA84A6AD4} = {B0DF6975-12D5-4E82-A2FD-31A70F7229D9}
		{DDE6760E-48F4-48E1-86CC-B6023D9E1DC3} = {B0DF6975-12D5-4E82-A2FD-31A70F7229D9}
		{E074FB1E-3527-424E-BAAC-621B42A7FCE1} = {B0DF6975-12D5-4E82-A2FD-31A70F7229D9}
		{0022BD17-089E-41DA-B9F9-8C0ED1A8B10B} = {24AA1343-84A6-497F-9E4B-33BD12BFCFCF}
		{F81FA0A9-4CD8-44DB-B5D9-D7508C2A7987} = {24AA1343-84A6-497F-9E4B-33BD12BFCFCF}
		{E7F5F03C-7727-4AA7-8865-1EDEC8A103D1} = {45BC8572-B380-4FA8-8725-B05008BFA056}
		{3F1AAC60-ABB4-4C80-9458-3FA798460DF7} = {45BC8572-B380-4FA8-8725-B05008BFA056}
		{EFBF882D-FDD0-4BB8-9F85-01A1B6762347} = {45BC8572-B380-4FA8-8725-B05008BFA056}
		{61F9B9FB-1113-4CFD-B7F7-56D32960762B} = {874B6413-E05E-4229-BADE-6B0697AC1F6F}
		{2336BDDF-8BFB-4272-A1C8-0FC6A78B8172} = {874B6413-E05E-4229-BADE-6B0697AC1F6F}
		{3E56836A-730D-41D9-B841-5B695E71303A} = {45BC8572-B380-4FA8-8725-B05008BFA056}
		{E0EFAC31-74E0-4EC0-B2AD-3FADF346AC0B} = {06784607-02E0-4F28-95E2-2A64C12105C1}
		{EDF7D810-D6B0-49D5-A2E1-19AC25676229} = {BFA9F92F-BFCA-424D-AF6C-CD98BD97E020}
	EndGlobalSection
	GlobalSection(ExtensibilityGlobals) = postSolution
		SolutionGuid = {4B2AEE19-147C-4872-B3D6-492C601FB686}
	EndGlobalSection
	GlobalSection(SharedMSBuildProjectFiles) = preSolution
		ScadaWeb\OpenPlugins\PlgWebPage.Shared\PlgWebPage.Shared.projitems*{0022bd17-089e-41da-b9f9-8c0ed1a8b10b}*SharedItemsImports = 5
		ScadaWeb\OpenPlugins\PlgSchBasicComp.Shared\PlgSchBasicComp.Shared.projitems*{2336bddf-8bfb-4272-a1c8-0fc6a78b8172}*SharedItemsImports = 5
		ScadaWeb\OpenPlugins\PlgSchBasicComp.Shared\PlgSchBasicComp.Shared.projitems*{61f9b9fb-1113-4cfd-b7f7-56d32960762b}*SharedItemsImports = 5
		ScadaWeb\OpenPlugins\PlgWebPage.Shared\PlgWebPage.Shared.projitems*{f81fa0a9-4cd8-44db-b5d9-d7508c2a7987}*SharedItemsImports = 5
	EndGlobalSection
EndGlobal
