
Microsoft Visual Studio Solution File, Format Version 12.00
# Visual Studio Version 17
VisualStudioVersion = 17.7.34003.232
MinimumVisualStudioVersion = 10.0.40219.1
Project("{2150E333-8FDC-42A3-9474-1A3956D46DE8}") = "scada-v6", "scada-v6", "{BFA9F92F-BFCA-424D-AF6C-CD98BD97E020}"
EndProject
Project("{2150E333-8FDC-42A3-9474-1A3956D46DE8}") = "ScadaCommon", "ScadaCommon", "{1FDD4584-BEB6-4385-8489-1710993246E3}"
EndProject
Project("{9A19103F-16F7-4668-BE54-9A1E7A4F7556}") = "ScadaCommon.Log", "ScadaCommon\ScadaCommon.Log\ScadaCommon.Log.csproj", "{424ED101-C8F7-455A-91D5-4485364BAEC3}"
EndProject
Project("{9A19103F-16F7-4668-BE54-9A1E7A4F7556}") = "ScadaCommon", "ScadaCommon\ScadaCommon\ScadaCommon.csproj", "{93E80CB0-18BB-4D6F-80DB-8814B1ED3784}"
EndProject
Project("{9A19103F-16F7-4668-BE54-9A1E7A4F7556}") = "ScadaCommon.Forms", "ScadaCommon\ScadaCommon.Forms\ScadaCommon.Forms.csproj", "{A15239D2-997F-48F0-9DEF-846B8F358272}"
EndProject
Project("{2150E333-8FDC-42A3-9474-1A3956D46DE8}") = "ScadaComm", "ScadaComm", "{4B9A6265-441C-45A7-A554-EF430CE830EE}"
EndProject
Project("{9A19103F-16F7-4668-BE54-9A1E7A4F7556}") = "ScadaCommCommon", "ScadaComm\ScadaComm\ScadaCommCommon\ScadaCommCommon.csproj", "{2B655F51-38A1-44C2-9D50-BB912FA58387}"
EndProject
Project("{9A19103F-16F7-4668-BE54-9A1E7A4F7556}") = "ScadaCommEngine", "ScadaComm\ScadaComm\ScadaCommEngine\ScadaCommEngine.csproj", "{895511D6-9355-4563-8E8F-8D2F661C9690}"
EndProject
Project("{9A19103F-16F7-4668-BE54-9A1E7A4F7556}") = "ScadaCommWkr", "ScadaComm\ScadaComm\ScadaCommWkr\ScadaCommWkr.csproj", "{08F73B59-5864-40AC-A832-91D25F0F21BC}"
EndProject
Project("{9A19103F-16F7-4668-BE54-9A1E7A4F7556}") = "ScadaCommApp", "ScadaComm\ScadaComm\ScadaCommApp\ScadaCommApp.csproj", "{8584A0DD-0A93-40BD-AC1D-FA719E070065}"
EndProject
Project("{2150E333-8FDC-42A3-9474-1A3956D46DE8}") = "OpenDrivers", "OpenDrivers", "{A0F3D5C5-6BAF-4E4C-A6D9-5E098562A780}"
EndProject
Project("{2150E333-8FDC-42A3-9474-1A3956D46DE8}") = "DrvSimulator", "DrvSimulator", "{8F6EB035-C2E3-4325-B327-66D47C50FF37}"
EndProject
Project("{9A19103F-16F7-4668-BE54-9A1E7A4F7556}") = "DrvSimulator.Logic", "ScadaComm\OpenDrivers\DrvSimulator.Logic\DrvSimulator.Logic.csproj", "{53448BBD-0239-44BB-8BAF-BF00E6BCC7BC}"
EndProject
Project("{9A19103F-16F7-4668-BE54-9A1E7A4F7556}") = "DrvSimulator.View", "ScadaComm\OpenDrivers\DrvSimulator.View\DrvSimulator.View.csproj", "{60ECA18F-72E3-403B-B774-97575A5D89FD}"
EndProject
Project("{2150E333-8FDC-42A3-9474-1A3956D46DE8}") = "DrvOpcUa", "DrvOpcUa", "{A2651BA7-A7A9-46C6-897F-2EABA39C8554}"
EndProject
Project("{9A19103F-16F7-4668-BE54-9A1E7A4F7556}") = "DrvOpcUa.Common", "ScadaComm\OpenDrivers\DrvOpcUa.Common\DrvOpcUa.Common.csproj", "{FAA798EB-7149-409A-8343-08D8F80DA7B2}"
EndProject
Project("{9A19103F-16F7-4668-BE54-9A1E7A4F7556}") = "DrvOpcUa.Logic", "ScadaComm\OpenDrivers\DrvOpcUa.Logic\DrvOpcUa.Logic.csproj", "{42737B85-720D-4F01-A40C-533070648297}"
EndProject
Project("{9A19103F-16F7-4668-BE54-9A1E7A4F7556}") = "DrvOpcUa.View", "ScadaComm\OpenDrivers\DrvOpcUa.View\DrvOpcUa.View.csproj", "{52A97484-6F38-4E72-9DCC-C8849E1A07B9}"
EndProject
Project("{2150E333-8FDC-42A3-9474-1A3956D46DE8}") = "DrvTester", "DrvTester", "{68CE0FDA-7B9A-472E-A2D8-5D6E48D6F675}"
EndProject
Project("{9A19103F-16F7-4668-BE54-9A1E7A4F7556}") = "DrvTester.Logic", "ScadaComm\OpenDrivers\DrvTester.Logic\DrvTester.Logic.csproj", "{61C043E2-F4F0-4FB8-AFC9-530E40A98538}"
EndProject
Project("{9A19103F-16F7-4668-BE54-9A1E7A4F7556}") = "DrvTester.View", "ScadaComm\OpenDrivers\DrvTester.View\DrvTester.View.csproj", "{F1340D5C-1C66-48E5-A762-06B977EC3E2C}"
EndProject
Project("{9A19103F-16F7-4668-BE54-9A1E7A4F7556}") = "ScadaCommon.MultiDb", "ScadaCommon\ScadaCommon.MultiDb\ScadaCommon.MultiDb.csproj", "{A918BC06-22F1-418C-928B-0C7FD2BCFB93}"
EndProject
Global
	GlobalSection(SolutionConfigurationPlatforms) = preSolution
		Debug|Any CPU = Debug|Any CPU
		Release|Any CPU = Release|Any CPU
	EndGlobalSection
	GlobalSection(ProjectConfigurationPlatforms) = postSolution
		{424ED101-C8F7-455A-91D5-4485364BAEC3}.Debug|Any CPU.ActiveCfg = Debug|Any CPU
		{424ED101-C8F7-455A-91D5-4485364BAEC3}.Debug|Any CPU.Build.0 = Debug|Any CPU
		{424ED101-C8F7-455A-91D5-4485364BAEC3}.Release|Any CPU.ActiveCfg = Release|Any CPU
		{424ED101-C8F7-455A-91D5-4485364BAEC3}.Release|Any CPU.Build.0 = Release|Any CPU
		{93E80CB0-18BB-4D6F-80DB-8814B1ED3784}.Debug|Any CPU.ActiveCfg = Debug|Any CPU
		{93E80CB0-18BB-4D6F-80DB-8814B1ED3784}.Debug|Any CPU.Build.0 = Debug|Any CPU
		{93E80CB0-18BB-4D6F-80DB-8814B1ED3784}.Release|Any CPU.ActiveCfg = Release|Any CPU
		{93E80CB0-18BB-4D6F-80DB-8814B1ED3784}.Release|Any CPU.Build.0 = Release|Any CPU
		{A15239D2-997F-48F0-9DEF-846B8F358272}.Debug|Any CPU.ActiveCfg = Debug|Any CPU
		{A15239D2-997F-48F0-9DEF-846B8F358272}.Debug|Any CPU.Build.0 = Debug|Any CPU
		{A15239D2-997F-48F0-9DEF-846B8F358272}.Release|Any CPU.ActiveCfg = Release|Any CPU
		{A15239D2-997F-48F0-9DEF-846B8F358272}.Release|Any CPU.Build.0 = Release|Any CPU
		{2B655F51-38A1-44C2-9D50-BB912FA58387}.Debug|Any CPU.ActiveCfg = Debug|Any CPU
		{2B655F51-38A1-44C2-9D50-BB912FA58387}.Debug|Any CPU.Build.0 = Debug|Any CPU
		{2B655F51-38A1-44C2-9D50-BB912FA58387}.Release|Any CPU.ActiveCfg = Release|Any CPU
		{2B655F51-38A1-44C2-9D50-BB912FA58387}.Release|Any CPU.Build.0 = Release|Any CPU
		{895511D6-9355-4563-8E8F-8D2F661C9690}.Debug|Any CPU.ActiveCfg = Debug|Any CPU
		{895511D6-9355-4563-8E8F-8D2F661C9690}.Debug|Any CPU.Build.0 = Debug|Any CPU
		{895511D6-9355-4563-8E8F-8D2F661C9690}.Release|Any CPU.ActiveCfg = Release|Any CPU
		{895511D6-9355-4563-8E8F-8D2F661C9690}.Release|Any CPU.Build.0 = Release|Any CPU
		{08F73B59-5864-40AC-A832-91D25F0F21BC}.Debug|Any CPU.ActiveCfg = Debug|Any CPU
		{08F73B59-5864-40AC-A832-91D25F0F21BC}.Debug|Any CPU.Build.0 = Debug|Any CPU
		{08F73B59-5864-40AC-A832-91D25F0F21BC}.Release|Any CPU.ActiveCfg = Release|Any CPU
		{08F73B59-5864-40AC-A832-91D25F0F21BC}.Release|Any CPU.Build.0 = Release|Any CPU
		{8584A0DD-0A93-40BD-AC1D-FA719E070065}.Debug|Any CPU.ActiveCfg = Debug|Any CPU
		{8584A0DD-0A93-40BD-AC1D-FA719E070065}.Debug|Any CPU.Build.0 = Debug|Any CPU
		{8584A0DD-0A93-40BD-AC1D-FA719E070065}.Release|Any CPU.ActiveCfg = Release|Any CPU
		{8584A0DD-0A93-40BD-AC1D-FA719E070065}.Release|Any CPU.Build.0 = Release|Any CPU
		{53448BBD-0239-44BB-8BAF-BF00E6BCC7BC}.Debug|Any CPU.ActiveCfg = Debug|Any CPU
		{53448BBD-0239-44BB-8BAF-BF00E6BCC7BC}.Debug|Any CPU.Build.0 = Debug|Any CPU
		{53448BBD-0239-44BB-8BAF-BF00E6BCC7BC}.Release|Any CPU.ActiveCfg = Release|Any CPU
		{53448BBD-0239-44BB-8BAF-BF00E6BCC7BC}.Release|Any CPU.Build.0 = Release|Any CPU
		{60ECA18F-72E3-403B-B774-97575A5D89FD}.Debug|Any CPU.ActiveCfg = Debug|Any CPU
		{60ECA18F-72E3-403B-B774-97575A5D89FD}.Debug|Any CPU.Build.0 = Debug|Any CPU
		{60ECA18F-72E3-403B-B774-97575A5D89FD}.Release|Any CPU.ActiveCfg = Release|Any CPU
		{60ECA18F-72E3-403B-B774-97575A5D89FD}.Release|Any CPU.Build.0 = Release|Any CPU
		{FAA798EB-7149-409A-8343-08D8F80DA7B2}.Debug|Any CPU.ActiveCfg = Debug|Any CPU
		{FAA798EB-7149-409A-8343-08D8F80DA7B2}.Debug|Any CPU.Build.0 = Debug|Any CPU
		{FAA798EB-7149-409A-8343-08D8F80DA7B2}.Release|Any CPU.ActiveCfg = Release|Any CPU
		{FAA798EB-7149-409A-8343-08D8F80DA7B2}.Release|Any CPU.Build.0 = Release|Any CPU
		{42737B85-720D-4F01-A40C-533070648297}.Debug|Any CPU.ActiveCfg = Debug|Any CPU
		{42737B85-720D-4F01-A40C-533070648297}.Debug|Any CPU.Build.0 = Debug|Any CPU
		{42737B85-720D-4F01-A40C-533070648297}.Release|Any CPU.ActiveCfg = Release|Any CPU
		{42737B85-720D-4F01-A40C-533070648297}.Release|Any CPU.Build.0 = Release|Any CPU
		{52A97484-6F38-4E72-9DCC-C8849E1A07B9}.Debug|Any CPU.ActiveCfg = Debug|Any CPU
		{52A97484-6F38-4E72-9DCC-C8849E1A07B9}.Debug|Any CPU.Build.0 = Debug|Any CPU
		{52A97484-6F38-4E72-9DCC-C8849E1A07B9}.Release|Any CPU.ActiveCfg = Release|Any CPU
		{52A97484-6F38-4E72-9DCC-C8849E1A07B9}.Release|Any CPU.Build.0 = Release|Any CPU
		{61C043E2-F4F0-4FB8-AFC9-530E40A98538}.Debug|Any CPU.ActiveCfg = Debug|Any CPU
		{61C043E2-F4F0-4FB8-AFC9-530E40A98538}.Debug|Any CPU.Build.0 = Debug|Any CPU
		{61C043E2-F4F0-4FB8-AFC9-530E40A98538}.Release|Any CPU.ActiveCfg = Release|Any CPU
		{61C043E2-F4F0-4FB8-AFC9-530E40A98538}.Release|Any CPU.Build.0 = Release|Any CPU
		{F1340D5C-1C66-48E5-A762-06B977EC3E2C}.Debug|Any CPU.ActiveCfg = Debug|Any CPU
		{F1340D5C-1C66-48E5-A762-06B977EC3E2C}.Debug|Any CPU.Build.0 = Debug|Any CPU
		{F1340D5C-1C66-48E5-A762-06B977EC3E2C}.Release|Any CPU.ActiveCfg = Release|Any CPU
		{F1340D5C-1C66-48E5-A762-06B977EC3E2C}.Release|Any CPU.Build.0 = Release|Any CPU
		{A918BC06-22F1-418C-928B-0C7FD2BCFB93}.Debug|Any CPU.ActiveCfg = Debug|Any CPU
		{A918BC06-22F1-418C-928B-0C7FD2BCFB93}.Debug|Any CPU.Build.0 = Debug|Any CPU
		{A918BC06-22F1-418C-928B-0C7FD2BCFB93}.Release|Any CPU.ActiveCfg = Release|Any CPU
		{A918BC06-22F1-418C-928B-0C7FD2BCFB93}.Release|Any CPU.Build.0 = Release|Any CPU
	EndGlobalSection
	GlobalSection(SolutionProperties) = preSolution
		HideSolutionNode = FALSE
	EndGlobalSection
	GlobalSection(NestedProjects) = preSolution
		{1FDD4584-BEB6-4385-8489-1710993246E3} = {BFA9F92F-BFCA-424D-AF6C-CD98BD97E020}
		{424ED101-C8F7-455A-91D5-4485364BAEC3} = {1FDD4584-BEB6-4385-8489-1710993246E3}
		{93E80CB0-18BB-4D6F-80DB-8814B1ED3784} = {1FDD4584-BEB6-4385-8489-1710993246E3}
		{A15239D2-997F-48F0-9DEF-846B8F358272} = {1FDD4584-BEB6-4385-8489-1710993246E3}
		{4B9A6265-441C-45A7-A554-EF430CE830EE} = {BFA9F92F-BFCA-424D-AF6C-CD98BD97E020}
		{2B655F51-38A1-44C2-9D50-BB912FA58387} = {4B9A6265-441C-45A7-A554-EF430CE830EE}
		{895511D6-9355-4563-8E8F-8D2F661C9690} = {4B9A6265-441C-45A7-A554-EF430CE830EE}
		{08F73B59-5864-40AC-A832-91D25F0F21BC} = {4B9A6265-441C-45A7-A554-EF430CE830EE}
		{8584A0DD-0A93-40BD-AC1D-FA719E070065} = {4B9A6265-441C-45A7-A554-EF430CE830EE}
		{A0F3D5C5-6BAF-4E4C-A6D9-5E098562A780} = {4B9A6265-441C-45A7-A554-EF430CE830EE}
		{8F6EB035-C2E3-4325-B327-66D47C50FF37} = {A0F3D5C5-6BAF-4E4C-A6D9-5E098562A780}
		{53448BBD-0239-44BB-8BAF-BF00E6BCC7BC} = {8F6EB035-C2E3-4325-B327-66D47C50FF37}
		{60ECA18F-72E3-403B-B774-97575A5D89FD} = {8F6EB035-C2E3-4325-B327-66D47C50FF37}
		{A2651BA7-A7A9-46C6-897F-2EABA39C8554} = {A0F3D5C5-6BAF-4E4C-A6D9-5E098562A780}
		{FAA798EB-7149-409A-8343-08D8F80DA7B2} = {A2651BA7-A7A9-46C6-897F-2EABA39C8554}
		{42737B85-720D-4F01-A40C-533070648297} = {A2651BA7-A7A9-46C6-897F-2EABA39C8554}
		{52A97484-6F38-4E72-9DCC-C8849E1A07B9} = {A2651BA7-A7A9-46C6-897F-2EABA39C8554}
		{68CE0FDA-7B9A-472E-A2D8-5D6E48D6F675} = {A0F3D5C5-6BAF-4E4C-A6D9-5E098562A780}
		{61C043E2-F4F0-4FB8-AFC9-530E40A98538} = {68CE0FDA-7B9A-472E-A2D8-5D6E48D6F675}
		{F1340D5C-1C66-48E5-A762-06B977EC3E2C} = {68CE0FDA-7B9A-472E-A2D8-5D6E48D6F675}
		{A918BC06-22F1-418C-928B-0C7FD2BCFB93} = {1FDD4584-BEB6-4385-8489-1710993246E3}
	EndGlobalSection
	GlobalSection(ExtensibilityGlobals) = postSolution
		SolutionGuid = {4B2AEE19-147C-4872-B3D6-492C601FB686}
	EndGlobalSection
	GlobalSection(SharedMSBuildProjectFiles) = preSolution
		scada-v6-serven\ScadaComm\OpenDrivers\DrvTester.Shared\DrvTester.Shared.projitems*{61c043e2-f4f0-4fb8-afc9-530e40a98538}*SharedItemsImports = 5
		scada-v6-serven\ScadaComm\OpenDrivers\DrvTester.Shared\DrvTester.Shared.projitems*{f1340d5c-1c66-48e5-a762-06b977ec3e2c}*SharedItemsImports = 5
	EndGlobalSection
EndGlobal
