
Microsoft Visual Studio Solution File, Format Version 12.00
# Visual Studio Version 17
VisualStudioVersion = 17.7.34003.232
MinimumVisualStudioVersion = 10.0.40219.1
Project("{2150E333-8FDC-42A3-9474-1A3956D46DE8}") = "scada-v6", "scada-v6", "{BFA9F92F-BFCA-424D-AF6C-CD98BD97E020}"
EndProject
Project("{2150E333-8FDC-42A3-9474-1A3956D46DE8}") = "ScadaCommon", "ScadaCommon", "{1FDD4584-BEB6-4385-8489-1710993246E3}"
EndProject
Project("{9A19103F-16F7-4668-BE54-9A1E7A4F7556}") = "ScadaCommon.Log", "ScadaCommon\ScadaCommon.Log\ScadaCommon.Log.csproj", "{424ED101-C8F7-455A-91D5-4485364BAEC3}"
EndProject
Project("{9A19103F-16F7-4668-BE54-9A1E7A4F7556}") = "ScadaCommon", "ScadaCommon\ScadaCommon\ScadaCommon.csproj", "{93E80CB0-18BB-4D6F-80DB-8814B1ED3784}"
EndProject
Project("{9A19103F-16F7-4668-BE54-9A1E7A4F7556}") = "ScadaCommon.Forms", "ScadaCommon\ScadaCommon.Forms\ScadaCommon.Forms.csproj", "{A15239D2-997F-48F0-9DEF-846B8F358272}"
EndProject
Project("{2150E333-8FDC-42A3-9474-1A3956D46DE8}") = "ScadaServer", "ScadaServer", "{FCBEA607-E45D-4644-A886-18E83F5118EE}"
EndProject
Project("{9A19103F-16F7-4668-BE54-9A1E7A4F7556}") = "ScadaServerCommon", "ScadaServer\ScadaServer\ScadaServerCommon\ScadaServerCommon.csproj", "{7243B0F4-5628-49B8-8711-B06E65215572}"
EndProject
Project("{9A19103F-16F7-4668-BE54-9A1E7A4F7556}") = "ScadaServerWkr", "ScadaServer\ScadaServer\ScadaServerWkr\ScadaServerWkr.csproj", "{1510E18E-05E0-4C78-B9E7-FBDA8D821711}"
EndProject
Project("{9A19103F-16F7-4668-BE54-9A1E7A4F7556}") = "ScadaServerEngine", "ScadaServer\ScadaServer\ScadaServerEngine\ScadaServerEngine.csproj", "{4E70E2CE-E3F3-45B6-A098-4977C7B2FBBE}"
EndProject
Project("{9A19103F-16F7-4668-BE54-9A1E7A4F7556}") = "ScadaServerApp", "ScadaServer\ScadaServer\ScadaServerApp\ScadaServerApp.csproj", "{D3E8DB32-DF8F-483E-A531-95C545B36D5E}"
EndProject
Project("{2150E333-8FDC-42A3-9474-1A3956D46DE8}") = "OpenModules", "OpenModules", "{B0A19D11-68A8-4151-A6EC-3B1551944BC5}"
EndProject
Project("{2150E333-8FDC-42A3-9474-1A3956D46DE8}") = "ModArcBasic", "ModArcBasic", "{AD445A9E-6BCD-4F9C-BEE0-401357AFB309}"
EndProject
Project("{9A19103F-16F7-4668-BE54-9A1E7A4F7556}") = "ModArcBasic.Logic", "ScadaServer\OpenModules\ModArcBasic.Logic\ModArcBasic.Logic.csproj", "{80C4663D-FDA8-4FBD-B098-F4FC726FE933}"
EndProject
Project("{9A19103F-16F7-4668-BE54-9A1E7A4F7556}") = "ModArcBasic.View", "ScadaServer\OpenModules\ModArcBasic.View\ModArcBasic.View.csproj", "{5C1FAEE7-40A0-4D5B-BBA6-9A709C4D09BA}"
EndProject
Project("{2150E333-8FDC-42A3-9474-1A3956D46DE8}") = "ModArcPostgreSql", "ModArcPostgreSql", "{87800B1A-76D8-4AF3-AE57-17705142D85C}"
EndProject
Project("{2150E333-8FDC-42A3-9474-1A3956D46DE8}") = "ModDbExport", "ModDbExport", "{489DFD85-00F3-45CC-B5FC-1820BD828BC6}"
EndProject
Project("{9A19103F-16F7-4668-BE54-9A1E7A4F7556}") = "ModArcPostgreSql.Logic", "ScadaServer\OpenModules\ModArcPostgreSql.Logic\ModArcPostgreSql.Logic.csproj", "{5402E71D-30C0-45E9-9884-501D8F8D8FAF}"
EndProject
Project("{9A19103F-16F7-4668-BE54-9A1E7A4F7556}") = "ModArcPostgreSql.View", "ScadaServer\OpenModules\ModArcPostgreSql.View\ModArcPostgreSql.View.csproj", "{BBA1FDBC-4502-4A63-A64E-3C2231D757C5}"
EndProject
Project("{9A19103F-16F7-4668-BE54-9A1E7A4F7556}") = "ModDbExport.Logic", "ScadaServer\OpenModules\ModDbExport.Logic\ModDbExport.Logic.csproj", "{66620FD9-2691-459C-B3D6-6D49711716D0}"
EndProject
Project("{9A19103F-16F7-4668-BE54-9A1E7A4F7556}") = "ModDbExport.View", "ScadaServer\OpenModules\ModDbExport.View\ModDbExport.View.csproj", "{961679FA-ACE9-4B22-B045-0E4F0E7227E5}"
EndProject
Project("{9A19103F-16F7-4668-BE54-9A1E7A4F7556}") = "ScadaCommon.MultiDb", "ScadaCommon\ScadaCommon.MultiDb\ScadaCommon.MultiDb.csproj", "{333F8041-3931-4AE0-A440-768D8050F295}"
EndProject
Project("{2150E333-8FDC-42A3-9474-1A3956D46DE8}") = "Storages", "Storages", "{F893F60B-A744-44EB-955F-5B1EC27F739E}"
EndProject
Project("{9A19103F-16F7-4668-BE54-9A1E7A4F7556}") = "PostgreSqlStorage", "ScadaCommon\PostgreSqlStorage\PostgreSqlStorage.csproj", "{EBAE0FDA-BA32-4784-8753-6394D06ED6D7}"
EndProject
Project("{9A19103F-16F7-4668-BE54-9A1E7A4F7556}") = "FileStorage", "ScadaCommon\FileStorage\FileStorage.csproj", "{04AE344A-4765-4C5F-A291-85131923296F}"
EndProject
Project("{9A19103F-16F7-4668-BE54-9A1E7A4F7556}") = "ScadaCommon.EncDecUtil", "ScadaCommon\ScadaCommon.EncDecUtil\ScadaCommon.EncDecUtil.csproj", "{4B95DBE9-E7BE-45CF-AD38-D2D521CF5D01}"
EndProject
Global
	GlobalSection(SolutionConfigurationPlatforms) = preSolution
		Debug|Any CPU = Debug|Any CPU
		Release|Any CPU = Release|Any CPU
	EndGlobalSection
	GlobalSection(ProjectConfigurationPlatforms) = postSolution
		{424ED101-C8F7-455A-91D5-4485364BAEC3}.Debug|Any CPU.ActiveCfg = Debug|Any CPU
		{424ED101-C8F7-455A-91D5-4485364BAEC3}.Debug|Any CPU.Build.0 = Debug|Any CPU
		{424ED101-C8F7-455A-91D5-4485364BAEC3}.Release|Any CPU.ActiveCfg = Release|Any CPU
		{424ED101-C8F7-455A-91D5-4485364BAEC3}.Release|Any CPU.Build.0 = Release|Any CPU
		{93E80CB0-18BB-4D6F-80DB-8814B1ED3784}.Debug|Any CPU.ActiveCfg = Debug|Any CPU
		{93E80CB0-18BB-4D6F-80DB-8814B1ED3784}.Debug|Any CPU.Build.0 = Debug|Any CPU
		{93E80CB0-18BB-4D6F-80DB-8814B1ED3784}.Release|Any CPU.ActiveCfg = Release|Any CPU
		{93E80CB0-18BB-4D6F-80DB-8814B1ED3784}.Release|Any CPU.Build.0 = Release|Any CPU
		{A15239D2-997F-48F0-9DEF-846B8F358272}.Debug|Any CPU.ActiveCfg = Debug|Any CPU
		{A15239D2-997F-48F0-9DEF-846B8F358272}.Debug|Any CPU.Build.0 = Debug|Any CPU
		{A15239D2-997F-48F0-9DEF-846B8F358272}.Release|Any CPU.ActiveCfg = Release|Any CPU
		{A15239D2-997F-48F0-9DEF-846B8F358272}.Release|Any CPU.Build.0 = Release|Any CPU
		{7243B0F4-5628-49B8-8711-B06E65215572}.Debug|Any CPU.ActiveCfg = Debug|Any CPU
		{7243B0F4-5628-49B8-8711-B06E65215572}.Debug|Any CPU.Build.0 = Debug|Any CPU
		{7243B0F4-5628-49B8-8711-B06E65215572}.Release|Any CPU.ActiveCfg = Release|Any CPU
		{7243B0F4-5628-49B8-8711-B06E65215572}.Release|Any CPU.Build.0 = Release|Any CPU
		{1510E18E-05E0-4C78-B9E7-FBDA8D821711}.Debug|Any CPU.ActiveCfg = Debug|Any CPU
		{1510E18E-05E0-4C78-B9E7-FBDA8D821711}.Debug|Any CPU.Build.0 = Debug|Any CPU
		{1510E18E-05E0-4C78-B9E7-FBDA8D821711}.Release|Any CPU.ActiveCfg = Release|Any CPU
		{1510E18E-05E0-4C78-B9E7-FBDA8D821711}.Release|Any CPU.Build.0 = Release|Any CPU
		{4E70E2CE-E3F3-45B6-A098-4977C7B2FBBE}.Debug|Any CPU.ActiveCfg = Debug|Any CPU
		{4E70E2CE-E3F3-45B6-A098-4977C7B2FBBE}.Debug|Any CPU.Build.0 = Debug|Any CPU
		{4E70E2CE-E3F3-45B6-A098-4977C7B2FBBE}.Release|Any CPU.ActiveCfg = Release|Any CPU
		{4E70E2CE-E3F3-45B6-A098-4977C7B2FBBE}.Release|Any CPU.Build.0 = Release|Any CPU
		{D3E8DB32-DF8F-483E-A531-95C545B36D5E}.Debug|Any CPU.ActiveCfg = Debug|Any CPU
		{D3E8DB32-DF8F-483E-A531-95C545B36D5E}.Debug|Any CPU.Build.0 = Debug|Any CPU
		{D3E8DB32-DF8F-483E-A531-95C545B36D5E}.Release|Any CPU.ActiveCfg = Release|Any CPU
		{D3E8DB32-DF8F-483E-A531-95C545B36D5E}.Release|Any CPU.Build.0 = Release|Any CPU
		{80C4663D-FDA8-4FBD-B098-F4FC726FE933}.Debug|Any CPU.ActiveCfg = Debug|Any CPU
		{80C4663D-FDA8-4FBD-B098-F4FC726FE933}.Debug|Any CPU.Build.0 = Debug|Any CPU
		{80C4663D-FDA8-4FBD-B098-F4FC726FE933}.Release|Any CPU.ActiveCfg = Release|Any CPU
		{80C4663D-FDA8-4FBD-B098-F4FC726FE933}.Release|Any CPU.Build.0 = Release|Any CPU
		{5C1FAEE7-40A0-4D5B-BBA6-9A709C4D09BA}.Debug|Any CPU.ActiveCfg = Debug|Any CPU
		{5C1FAEE7-40A0-4D5B-BBA6-9A709C4D09BA}.Debug|Any CPU.Build.0 = Debug|Any CPU
		{5C1FAEE7-40A0-4D5B-BBA6-9A709C4D09BA}.Release|Any CPU.ActiveCfg = Release|Any CPU
		{5C1FAEE7-40A0-4D5B-BBA6-9A709C4D09BA}.Release|Any CPU.Build.0 = Release|Any CPU
		{5402E71D-30C0-45E9-9884-501D8F8D8FAF}.Debug|Any CPU.ActiveCfg = Debug|Any CPU
		{5402E71D-30C0-45E9-9884-501D8F8D8FAF}.Debug|Any CPU.Build.0 = Debug|Any CPU
		{5402E71D-30C0-45E9-9884-501D8F8D8FAF}.Release|Any CPU.ActiveCfg = Release|Any CPU
		{5402E71D-30C0-45E9-9884-501D8F8D8FAF}.Release|Any CPU.Build.0 = Release|Any CPU
		{BBA1FDBC-4502-4A63-A64E-3C2231D757C5}.Debug|Any CPU.ActiveCfg = Debug|Any CPU
		{BBA1FDBC-4502-4A63-A64E-3C2231D757C5}.Debug|Any CPU.Build.0 = Debug|Any CPU
		{BBA1FDBC-4502-4A63-A64E-3C2231D757C5}.Release|Any CPU.ActiveCfg = Release|Any CPU
		{BBA1FDBC-4502-4A63-A64E-3C2231D757C5}.Release|Any CPU.Build.0 = Release|Any CPU
		{66620FD9-2691-459C-B3D6-6D49711716D0}.Debug|Any CPU.ActiveCfg = Debug|Any CPU
		{66620FD9-2691-459C-B3D6-6D49711716D0}.Debug|Any CPU.Build.0 = Debug|Any CPU
		{66620FD9-2691-459C-B3D6-6D49711716D0}.Release|Any CPU.ActiveCfg = Release|Any CPU
		{66620FD9-2691-459C-B3D6-6D49711716D0}.Release|Any CPU.Build.0 = Release|Any CPU
		{961679FA-ACE9-4B22-B045-0E4F0E7227E5}.Debug|Any CPU.ActiveCfg = Debug|Any CPU
		{961679FA-ACE9-4B22-B045-0E4F0E7227E5}.Debug|Any CPU.Build.0 = Debug|Any CPU
		{961679FA-ACE9-4B22-B045-0E4F0E7227E5}.Release|Any CPU.ActiveCfg = Release|Any CPU
		{961679FA-ACE9-4B22-B045-0E4F0E7227E5}.Release|Any CPU.Build.0 = Release|Any CPU
		{333F8041-3931-4AE0-A440-768D8050F295}.Debug|Any CPU.ActiveCfg = Debug|Any CPU
		{333F8041-3931-4AE0-A440-768D8050F295}.Debug|Any CPU.Build.0 = Debug|Any CPU
		{333F8041-3931-4AE0-A440-768D8050F295}.Release|Any CPU.ActiveCfg = Release|Any CPU
		{333F8041-3931-4AE0-A440-768D8050F295}.Release|Any CPU.Build.0 = Release|Any CPU
		{EBAE0FDA-BA32-4784-8753-6394D06ED6D7}.Debug|Any CPU.ActiveCfg = Debug|Any CPU
		{EBAE0FDA-BA32-4784-8753-6394D06ED6D7}.Debug|Any CPU.Build.0 = Debug|Any CPU
		{EBAE0FDA-BA32-4784-8753-6394D06ED6D7}.Release|Any CPU.ActiveCfg = Release|Any CPU
		{EBAE0FDA-BA32-4784-8753-6394D06ED6D7}.Release|Any CPU.Build.0 = Release|Any CPU
		{04AE344A-4765-4C5F-A291-85131923296F}.Debug|Any CPU.ActiveCfg = Debug|Any CPU
		{04AE344A-4765-4C5F-A291-85131923296F}.Debug|Any CPU.Build.0 = Debug|Any CPU
		{04AE344A-4765-4C5F-A291-85131923296F}.Release|Any CPU.ActiveCfg = Release|Any CPU
		{04AE344A-4765-4C5F-A291-85131923296F}.Release|Any CPU.Build.0 = Release|Any CPU
		{4B95DBE9-E7BE-45CF-AD38-D2D521CF5D01}.Debug|Any CPU.ActiveCfg = Debug|Any CPU
		{4B95DBE9-E7BE-45CF-AD38-D2D521CF5D01}.Debug|Any CPU.Build.0 = Debug|Any CPU
		{4B95DBE9-E7BE-45CF-AD38-D2D521CF5D01}.Release|Any CPU.ActiveCfg = Release|Any CPU
		{4B95DBE9-E7BE-45CF-AD38-D2D521CF5D01}.Release|Any CPU.Build.0 = Release|Any CPU
	EndGlobalSection
	GlobalSection(SolutionProperties) = preSolution
		HideSolutionNode = FALSE
	EndGlobalSection
	GlobalSection(NestedProjects) = preSolution
		{1FDD4584-BEB6-4385-8489-1710993246E3} = {BFA9F92F-BFCA-424D-AF6C-CD98BD97E020}
		{424ED101-C8F7-455A-91D5-4485364BAEC3} = {1FDD4584-BEB6-4385-8489-1710993246E3}
		{93E80CB0-18BB-4D6F-80DB-8814B1ED3784} = {1FDD4584-BEB6-4385-8489-1710993246E3}
		{A15239D2-997F-48F0-9DEF-846B8F358272} = {1FDD4584-BEB6-4385-8489-1710993246E3}
		{FCBEA607-E45D-4644-A886-18E83F5118EE} = {BFA9F92F-BFCA-424D-AF6C-CD98BD97E020}
		{7243B0F4-5628-49B8-8711-B06E65215572} = {FCBEA607-E45D-4644-A886-18E83F5118EE}
		{1510E18E-05E0-4C78-B9E7-FBDA8D821711} = {FCBEA607-E45D-4644-A886-18E83F5118EE}
		{4E70E2CE-E3F3-45B6-A098-4977C7B2FBBE} = {FCBEA607-E45D-4644-A886-18E83F5118EE}
		{D3E8DB32-DF8F-483E-A531-95C545B36D5E} = {FCBEA607-E45D-4644-A886-18E83F5118EE}
		{B0A19D11-68A8-4151-A6EC-3B1551944BC5} = {FCBEA607-E45D-4644-A886-18E83F5118EE}
		{AD445A9E-6BCD-4F9C-BEE0-401357AFB309} = {B0A19D11-68A8-4151-A6EC-3B1551944BC5}
		{80C4663D-FDA8-4FBD-B098-F4FC726FE933} = {AD445A9E-6BCD-4F9C-BEE0-401357AFB309}
		{5C1FAEE7-40A0-4D5B-BBA6-9A709C4D09BA} = {AD445A9E-6BCD-4F9C-BEE0-401357AFB309}
		{87800B1A-76D8-4AF3-AE57-17705142D85C} = {B0A19D11-68A8-4151-A6EC-3B1551944BC5}
		{489DFD85-00F3-45CC-B5FC-1820BD828BC6} = {B0A19D11-68A8-4151-A6EC-3B1551944BC5}
		{5402E71D-30C0-45E9-9884-501D8F8D8FAF} = {87800B1A-76D8-4AF3-AE57-17705142D85C}
		{BBA1FDBC-4502-4A63-A64E-3C2231D757C5} = {87800B1A-76D8-4AF3-AE57-17705142D85C}
		{66620FD9-2691-459C-B3D6-6D49711716D0} = {489DFD85-00F3-45CC-B5FC-1820BD828BC6}
		{961679FA-ACE9-4B22-B045-0E4F0E7227E5} = {489DFD85-00F3-45CC-B5FC-1820BD828BC6}
		{333F8041-3931-4AE0-A440-768D8050F295} = {1FDD4584-BEB6-4385-8489-1710993246E3}
		{F893F60B-A744-44EB-955F-5B1EC27F739E} = {1FDD4584-BEB6-4385-8489-1710993246E3}
		{EBAE0FDA-BA32-4784-8753-6394D06ED6D7} = {F893F60B-A744-44EB-955F-5B1EC27F739E}
		{04AE344A-4765-4C5F-A291-85131923296F} = {F893F60B-A744-44EB-955F-5B1EC27F739E}
		{4B95DBE9-E7BE-45CF-AD38-D2D521CF5D01} = {1FDD4584-BEB6-4385-8489-1710993246E3}
	EndGlobalSection
	GlobalSection(ExtensibilityGlobals) = postSolution
		SolutionGuid = {4B2AEE19-147C-4872-B3D6-492C601FB686}
	EndGlobalSection
	GlobalSection(SharedMSBuildProjectFiles) = preSolution
		ScadaServer\OpenModules\ModArcPostgreSql.Shared\ModArcPostgreSql.Shared.projitems*{5402e71d-30c0-45e9-9884-501d8f8d8faf}*SharedItemsImports = 5
		ScadaServer\OpenModules\ModArcBasic.Shared\ModArcBasic.Shared.projitems*{5c1faee7-40a0-4d5b-bba6-9a709c4d09ba}*SharedItemsImports = 5
		ScadaServer\OpenModules\ModDbExport.Shared\ModDbExport.Shared.projitems*{66620fd9-2691-459c-b3d6-6d49711716d0}*SharedItemsImports = 5
		ScadaServer\OpenModules\ModArcBasic.Shared\ModArcBasic.Shared.projitems*{80c4663d-fda8-4fbd-b098-f4fc726fe933}*SharedItemsImports = 5
		ScadaServer\OpenModules\ModDbExport.Shared\ModDbExport.Shared.projitems*{961679fa-ace9-4b22-b045-0e4f0e7227e5}*SharedItemsImports = 5
		ScadaServer\OpenModules\ModArcPostgreSql.Shared\ModArcPostgreSql.Shared.projitems*{bba1fdbc-4502-4a63-a64e-3c2231d757c5}*SharedItemsImports = 5
	EndGlobalSection
EndGlobal
