
Microsoft Visual Studio Solution File, Format Version 12.00
# Visual Studio Version 17
VisualStudioVersion = 17.7.34003.232
MinimumVisualStudioVersion = 10.0.40219.1
Project("{2150E333-8FDC-42A3-9474-1A3956D46DE8}") = "ScadaCommon", "ScadaCommon", "{1FDD4584-BEB6-4385-8489-1710993246E3}"
EndProject
Project("{9A19103F-16F7-4668-BE54-9A1E7A4F7556}") = "ScadaCommon.Log", "ScadaCommon\ScadaCommon.Log\ScadaCommon.Log.csproj", "{424ED101-C8F7-455A-91D5-4485364BAEC3}"
EndProject
Project("{9A19103F-16F7-4668-BE54-9A1E7A4F7556}") = "ScadaCommon", "ScadaCommon\ScadaCommon\ScadaCommon.csproj", "{93E80CB0-18BB-4D6F-80DB-8814B1ED3784}"
EndProject
Project("{9A19103F-16F7-4668-BE54-9A1E7A4F7556}") = "ScadaCommon.Forms", "ScadaCommon\ScadaCommon.Forms\ScadaCommon.Forms.csproj", "{6CD8C868-3D28-4660-8096-31FBDEF99552}"
EndProject
Project("{2150E333-8FDC-42A3-9474-1A3956D46DE8}") = "ScadaServer", "ScadaServer", "{FCBEA607-E45D-4644-A886-18E83F5118EE}"
EndProject
Project("{9A19103F-16F7-4668-BE54-9A1E7A4F7556}") = "ScadaServerCommon", "ScadaServer\ScadaServer\ScadaServerCommon\ScadaServerCommon.csproj", "{7243B0F4-5628-49B8-8711-B06E65215572}"
EndProject
Project("{2150E333-8FDC-42A3-9474-1A3956D46DE8}") = "ScadaComm", "ScadaComm", "{4B9A6265-441C-45A7-A554-EF430CE830EE}"
EndProject
Project("{9A19103F-16F7-4668-BE54-9A1E7A4F7556}") = "ScadaCommCommon", "ScadaComm\ScadaComm\ScadaCommCommon\ScadaCommCommon.csproj", "{2B655F51-38A1-44C2-9D50-BB912FA58387}"
EndProject
Project("{2150E333-8FDC-42A3-9474-1A3956D46DE8}") = "ScadaWeb", "ScadaWeb", "{06784607-02E0-4F28-95E2-2A64C12105C1}"
EndProject
Project("{9A19103F-16F7-4668-BE54-9A1E7A4F7556}") = "ScadaWebCommon.Subset", "ScadaWeb\ScadaWeb\ScadaWebCommon.Subset\ScadaWebCommon.Subset.csproj", "{AC3ECCD3-7A37-4504-8ABA-1EB696E76748}"
EndProject
Project("{2150E333-8FDC-42A3-9474-1A3956D46DE8}") = "ScadaAdmin", "ScadaAdmin", "{06332CDF-2857-42FC-98C0-B2A5666C4C6B}"
EndProject
Project("{9A19103F-16F7-4668-BE54-9A1E7A4F7556}") = "ScadaAdmin", "ScadaAdmin\ScadaAdmin\ScadaAdmin\ScadaAdmin.csproj", "{316FD41E-C1C1-45C5-BEF1-32A2D326FA96}"
EndProject
Project("{9A19103F-16F7-4668-BE54-9A1E7A4F7556}") = "ScadaAdminCommon", "ScadaAdmin\ScadaAdmin\ScadaAdminCommon\ScadaAdminCommon.csproj", "{10812A6E-B94B-4C6E-84C7-0BF363B7EE5C}"
EndProject
Project("{2150E333-8FDC-42A3-9474-1A3956D46DE8}") = "ScadaAgent", "ScadaAgent", "{1CA27352-B80F-4EFD-B23B-F7AF23517A7B}"
EndProject
Project("{9A19103F-16F7-4668-BE54-9A1E7A4F7556}") = "AgentClient", "ScadaAgent\ScadaAgent\AgentClient\AgentClient.csproj", "{54361B82-0A56-484E-BFA1-5B3091A1C305}"
EndProject
Project("{2150E333-8FDC-42A3-9474-1A3956D46DE8}") = "OpenExtensions", "OpenExtensions", "{F99032DA-CA89-4AA4-BD94-954FBB89B449}"
EndProject
Project("{9A19103F-16F7-4668-BE54-9A1E7A4F7556}") = "ExtCommConfig", "ScadaAdmin\OpenExtensions\ExtCommConfig\ExtCommConfig.csproj", "{F5678DD0-88AF-4B02-B57A-C1F98AAEFFC8}"
EndProject
Project("{9A19103F-16F7-4668-BE54-9A1E7A4F7556}") = "ExtDepAgent", "ScadaAdmin\OpenExtensions\ExtDepAgent\ExtDepAgent.csproj", "{D2B3E542-E416-42D8-8E7D-2DB8F04BAEDD}"
EndProject
Project("{9A19103F-16F7-4668-BE54-9A1E7A4F7556}") = "ExtDepPostgreSql", "ScadaAdmin\OpenExtensions\ExtDepPostgreSql\ExtDepPostgreSql.csproj", "{0DEBF307-41EA-4368-9DF3-59C0366CE5CB}"
EndProject
Project("{9A19103F-16F7-4668-BE54-9A1E7A4F7556}") = "ExtProjectTools", "ScadaAdmin\OpenExtensions\ExtProjectTools\ExtProjectTools.csproj", "{C27D87AE-46E4-46B9-9C88-46F8DFB863D1}"
EndProject
Project("{9A19103F-16F7-4668-BE54-9A1E7A4F7556}") = "ExtServerConfig", "ScadaAdmin\OpenExtensions\ExtServerConfig\ExtServerConfig.csproj", "{B1819195-2F5F-496D-9D02-85F01BAB9A6E}"
EndProject
Project("{9A19103F-16F7-4668-BE54-9A1E7A4F7556}") = "ExtTableEditor", "ScadaAdmin\OpenExtensions\ExtTableEditor\ExtTableEditor.csproj", "{2BF0EE95-3BC2-4D4F-862F-0277C8AFA53F}"
EndProject
Project("{9A19103F-16F7-4668-BE54-9A1E7A4F7556}") = "ExtWebConfig", "ScadaAdmin\OpenExtensions\ExtWebConfig\ExtWebConfig.csproj", "{2DF96A03-F6BE-434D-AC0D-DC0BF91DA8C6}"
EndProject
Project("{9A19103F-16F7-4668-BE54-9A1E7A4F7556}") = "ScadaWebCommon", "ScadaWeb\ScadaWeb\ScadaWebCommon\ScadaWebCommon.csproj", "{985E0A3D-87BB-4C1D-990B-971473A6532A}"
EndProject
Project("{2150E333-8FDC-42A3-9474-1A3956D46DE8}") = "OpenPlugins", "OpenPlugins", "{4293CA36-BC1D-42E1-A88C-B4D2460D9695}"
EndProject
Project("{9A19103F-16F7-4668-BE54-9A1E7A4F7556}") = "PlgMain.Common", "ScadaWeb\OpenPlugins\PlgMain.Common\PlgMain.Common.csproj", "{05BF327A-B7F2-4FD6-8F35-A587234972ED}"
EndProject
Project("{9A19103F-16F7-4668-BE54-9A1E7A4F7556}") = "PlgMain.View", "ScadaWeb\OpenPlugins\PlgMain.View\PlgMain.View.csproj", "{07F03F76-1FD1-4B5D-B189-E53F2D129DB5}"
EndProject
Project("{2150E333-8FDC-42A3-9474-1A3956D46DE8}") = "OpenModules", "OpenModules", "{844BEA8F-723E-4A9A-8498-6D840BB37B4B}"
EndProject
Project("{2150E333-8FDC-42A3-9474-1A3956D46DE8}") = "ModArcBasic", "ModArcBasic", "{C51851BC-D5CF-4C89-B880-4B40981A4B4C}"
EndProject
Project("{2150E333-8FDC-42A3-9474-1A3956D46DE8}") = "ModArcPostgreSql", "ModArcPostgreSql", "{5895EC4B-8DCE-4A70-BDB7-04F7A21B9C19}"
EndProject
Project("{2150E333-8FDC-42A3-9474-1A3956D46DE8}") = "ModDbExport", "ModDbExport", "{664B6833-424A-4F4C-8674-1E5F70B4DDE7}"
EndProject
Project("{9A19103F-16F7-4668-BE54-9A1E7A4F7556}") = "ModArcBasic.Logic", "ScadaServer\OpenModules\ModArcBasic.Logic\ModArcBasic.Logic.csproj", "{B94B0463-11E4-4B57-9272-5869F0A2D32E}"
EndProject
Project("{9A19103F-16F7-4668-BE54-9A1E7A4F7556}") = "ModArcBasic.View", "ScadaServer\OpenModules\ModArcBasic.View\ModArcBasic.View.csproj", "{290E171E-864B-4C4F-9460-E70C95C5E0F2}"
EndProject
Project("{9A19103F-16F7-4668-BE54-9A1E7A4F7556}") = "ModArcPostgreSql.Logic", "ScadaServer\OpenModules\ModArcPostgreSql.Logic\ModArcPostgreSql.Logic.csproj", "{19C052E6-1909-41A0-AAC0-2C03B2AFDB7B}"
EndProject
Project("{9A19103F-16F7-4668-BE54-9A1E7A4F7556}") = "ModArcPostgreSql.View", "ScadaServer\OpenModules\ModArcPostgreSql.View\ModArcPostgreSql.View.csproj", "{DACE45DE-6F84-4B03-9CF8-0E9E5F68BF07}"
EndProject
Project("{9A19103F-16F7-4668-BE54-9A1E7A4F7556}") = "ModDbExport.Logic", "ScadaServer\OpenModules\ModDbExport.Logic\ModDbExport.Logic.csproj", "{32918B2A-323F-49B3-925E-4A8D33AA7295}"
EndProject
Project("{9A19103F-16F7-4668-BE54-9A1E7A4F7556}") = "ModDbExport.View", "ScadaServer\OpenModules\ModDbExport.View\ModDbExport.View.csproj", "{8188E97C-9C7D-495D-A110-3AD76D152DDB}"
EndProject
Project("{9A19103F-16F7-4668-BE54-9A1E7A4F7556}") = "ScadaServerEngine", "ScadaServer\ScadaServer\ScadaServerEngine\ScadaServerEngine.csproj", "{0466F05C-9913-41A7-ABC9-8442EDE6FCBF}"
EndProject
Project("{9A19103F-16F7-4668-BE54-9A1E7A4F7556}") = "ScadaServerWkr", "ScadaServer\ScadaServer\ScadaServerWkr\ScadaServerWkr.csproj", "{642E1E1A-F748-4ABB-ABB6-2EF741135528}"
EndProject
Project("{9A19103F-16F7-4668-BE54-9A1E7A4F7556}") = "ScadaServerApp", "ScadaServer\ScadaServer\ScadaServerApp\ScadaServerApp.csproj", "{B252947B-ACF2-4CFF-B82D-DD8A44EE5D2A}"
EndProject
Project("{2150E333-8FDC-42A3-9474-1A3956D46DE8}") = "Storages", "Storages", "{7A0230BE-11A6-4A9B-819C-68E028D11904}"
EndProject
Project("{9A19103F-16F7-4668-BE54-9A1E7A4F7556}") = "PostgreSqlStorage", "ScadaCommon\PostgreSqlStorage\PostgreSqlStorage.csproj", "{97F68DC0-2D8B-4990-8D1F-9037D326DCC4}"
EndProject
Project("{9A19103F-16F7-4668-BE54-9A1E7A4F7556}") = "FileStorage", "ScadaCommon\FileStorage\FileStorage.csproj", "{5A9087AC-0A85-4A09-A940-BD4CDF207288}"
EndProject
Project("{9A19103F-16F7-4668-BE54-9A1E7A4F7556}") = "ScadaCommon.MultiDb", "ScadaCommon\ScadaCommon.MultiDb\ScadaCommon.MultiDb.csproj", "{7472077B-7F61-445B-9114-D9335D9E53D6}"
EndProject
Project("{9A19103F-16F7-4668-BE54-9A1E7A4F7556}") = "ScadaAgentCommon", "ScadaAgent\ScadaAgent\ScadaAgentCommon\ScadaAgentCommon.csproj", "{7FC29DB1-A7C9-4994-BC61-DA354A85D17A}"
EndProject
Project("{9A19103F-16F7-4668-BE54-9A1E7A4F7556}") = "ScadaAgentEngine", "ScadaAgent\ScadaAgent\ScadaAgentEngine\ScadaAgentEngine.csproj", "{CD12A51C-9573-40C0-BA8E-71B2352431B9}"
EndProject
Project("{9A19103F-16F7-4668-BE54-9A1E7A4F7556}") = "ScadaAgentWkr", "ScadaAgent\ScadaAgent\ScadaAgentWkr\ScadaAgentWkr.csproj", "{3739DE28-0955-481E-A659-84AF6B32C5A7}"
EndProject
Project("{9A19103F-16F7-4668-BE54-9A1E7A4F7556}") = "ScadaAgentApp", "ScadaAgent\ScadaAgent\ScadaAgentApp\ScadaAgentApp.csproj", "{FA042440-9B89-4D7D-9257-0C65335E8497}"
EndProject
Project("{2150E333-8FDC-42A3-9474-1A3956D46DE8}") = "OpenDrivers", "OpenDrivers", "{B1B9F257-F2C5-4A41-BEE0-9B9E3E601020}"
EndProject
Project("{2150E333-8FDC-42A3-9474-1A3956D46DE8}") = "DrvOpcUa", "DrvOpcUa", "{E247E40E-8BD1-4112-ADEF-5AA7B3B6637D}"
EndProject
Project("{2150E333-8FDC-42A3-9474-1A3956D46DE8}") = "DrvSimulator", "DrvSimulator", "{17D84123-A88F-42A2-9A12-58555BC1DFF4}"
EndProject
Project("{2150E333-8FDC-42A3-9474-1A3956D46DE8}") = "DrvTester", "DrvTester", "{9A784B16-E5EA-4C53-8F35-039860C27475}"
EndProject
Project("{9A19103F-16F7-4668-BE54-9A1E7A4F7556}") = "DrvTester.Logic", "ScadaComm\OpenDrivers\DrvTester.Logic\DrvTester.Logic.csproj", "{9619A256-99CC-4952-A9BE-375950A7B154}"
EndProject
Project("{9A19103F-16F7-4668-BE54-9A1E7A4F7556}") = "DrvTester.View", "ScadaComm\OpenDrivers\DrvTester.View\DrvTester.View.csproj", "{43E6B756-AF9A-4CFC-AFB1-13C1E418F8BC}"
EndProject
Project("{9A19103F-16F7-4668-BE54-9A1E7A4F7556}") = "DrvSimulator.Logic", "ScadaComm\OpenDrivers\DrvSimulator.Logic\DrvSimulator.Logic.csproj", "{583EE7BA-2DC8-444C-A9B9-3AF7F5DBB91D}"
EndProject
Project("{9A19103F-16F7-4668-BE54-9A1E7A4F7556}") = "DrvOpcUa.Common", "ScadaComm\OpenDrivers\DrvOpcUa.Common\DrvOpcUa.Common.csproj", "{C0058D23-95B7-4415-8C35-A05D843F186B}"
EndProject
Project("{9A19103F-16F7-4668-BE54-9A1E7A4F7556}") = "DrvOpcUa.Logic", "ScadaComm\OpenDrivers\DrvOpcUa.Logic\DrvOpcUa.Logic.csproj", "{0A2CFD48-2EA0-467D-8432-2FAB1ED1DADD}"
EndProject
Project("{9A19103F-16F7-4668-BE54-9A1E7A4F7556}") = "DrvOpcUa.View", "ScadaComm\OpenDrivers\DrvOpcUa.View\DrvOpcUa.View.csproj", "{3D3372D8-A9AC-46A0-8CCF-638DA9DAE9ED}"
EndProject
Project("{9A19103F-16F7-4668-BE54-9A1E7A4F7556}") = "DrvSimulator.View", "ScadaComm\OpenDrivers\DrvSimulator.View\DrvSimulator.View.csproj", "{EAC5A70B-6D3E-4B6B-B511-7DEEFB89B989}"
EndProject
Project("{9A19103F-16F7-4668-BE54-9A1E7A4F7556}") = "ScadaCommEngine", "ScadaComm\ScadaComm\ScadaCommEngine\ScadaCommEngine.csproj", "{F249E6C0-D895-4AC3-BFC9-D1C435125D5D}"
EndProject
Project("{9A19103F-16F7-4668-BE54-9A1E7A4F7556}") = "ScadaCommWkr", "ScadaComm\ScadaComm\ScadaCommWkr\ScadaCommWkr.csproj", "{339C5956-929C-435D-9607-F35DD50CD790}"
EndProject
Project("{9A19103F-16F7-4668-BE54-9A1E7A4F7556}") = "ScadaCommApp", "ScadaComm\ScadaComm\ScadaCommApp\ScadaCommApp.csproj", "{7728A715-9A1E-407B-8450-3E8D2D2005BE}"
EndProject
Project("{9A19103F-16F7-4668-BE54-9A1E7A4F7556}") = "ScadaServerCommon.Forms", "ScadaServer\ScadaServer\ScadaServerCommon.Forms\ScadaServerCommon.Forms.csproj", "{D1B3346F-85BB-42DB-AD07-DAAAE00A0263}"
EndProject
Project("{9A19103F-16F7-4668-BE54-9A1E7A4F7556}") = "ScadaWeb", "ScadaWeb\ScadaWeb\ScadaWeb\ScadaWeb.csproj", "{CA8BE13A-990B-466A-9104-9A97EB956D71}"
EndProject
Project("{2150E333-8FDC-42A3-9474-1A3956D46DE8}") = "PlgMain", "PlgMain", "{833DC7A5-936D-4DF8-8C43-6413772B6B85}"
EndProject
Project("{9A19103F-16F7-4668-BE54-9A1E7A4F7556}") = "PlgChart", "ScadaWeb\OpenPlugins\PlgChart\PlgChart.csproj", "{CB4A495C-E8DC-430D-A5C8-070E00668A64}"
EndProject
Project("{2150E333-8FDC-42A3-9474-1A3956D46DE8}") = "PlgChart", "PlgChart", "{27FACABB-3B63-4ECB-8255-1E88535C21AA}"
EndProject
Project("{9A19103F-16F7-4668-BE54-9A1E7A4F7556}") = "PlgChart.Common", "ScadaWeb\OpenPlugins\PlgChart.Common\PlgChart.Common.csproj", "{405F23F8-825D-40E0-9997-E8B3641E2E9D}"
EndProject
Project("{9A19103F-16F7-4668-BE54-9A1E7A4F7556}") = "PlgChart.View", "ScadaWeb\OpenPlugins\PlgChart.View\PlgChart.View.csproj", "{A82C7753-4C82-4514-849B-48AEE9205A4E}"
EndProject
Project("{9A19103F-16F7-4668-BE54-9A1E7A4F7556}") = "PlgSchBasicComp", "ScadaWeb\OpenPlugins\PlgSchBasicComp\PlgSchBasicComp.csproj", "{F1848001-5843-44F6-AD1A-D7190B10BEDE}"
EndProject
Project("{9A19103F-16F7-4668-BE54-9A1E7A4F7556}") = "PlgMain", "ScadaWeb\OpenPlugins\PlgMain\PlgMain.csproj", "{22A9104E-980F-44F4-B12E-C7A8216496C9}"
EndProject
Project("{9A19103F-16F7-4668-BE54-9A1E7A4F7556}") = "PlgMain.Report", "ScadaWeb\OpenPlugins\PlgMain.Report\PlgMain.Report.csproj", "{C632D6D2-2016-4598-A934-BA042A4D47D7}"
EndProject
Project("{2150E333-8FDC-42A3-9474-1A3956D46DE8}") = "PlgSchBasicComp", "PlgSchBasicComp", "{083AB94A-3D24-408B-8D92-D9803C59EDFF}"
EndProject
Project("{9A19103F-16F7-4668-BE54-9A1E7A4F7556}") = "PlgSchBasicComp.View", "ScadaWeb\OpenPlugins\PlgSchBasicComp.View\PlgSchBasicComp.View.csproj", "{4ADE78DF-9493-4CF6-AB0F-8415AAF9460F}"
EndProject
Project("{2150E333-8FDC-42A3-9474-1A3956D46DE8}") = "PlgScheme", "PlgScheme", "{8576E3DD-E265-4E62-ADBC-6CAAFE061963}"
EndProject
Project("{9A19103F-16F7-4668-BE54-9A1E7A4F7556}") = "PlgScheme", "ScadaWeb\OpenPlugins\PlgScheme\PlgScheme.csproj", "{7AB9C5C5-FF78-4CDC-BC39-65046E730EE8}"
EndProject
Project("{9A19103F-16F7-4668-BE54-9A1E7A4F7556}") = "PlgScheme.Common", "ScadaWeb\OpenPlugins\PlgScheme.Common\PlgScheme.Common.csproj", "{3B3024BD-2350-4521-8314-6FF5F09B1E5C}"
EndProject
Project("{9A19103F-16F7-4668-BE54-9A1E7A4F7556}") = "PlgScheme.Editor", "ScadaWeb\OpenPlugins\PlgScheme.Editor\PlgScheme.Editor.csproj", "{17E64749-9479-48DD-9DBD-12E8CA237EBC}"
EndProject
Project("{9A19103F-16F7-4668-BE54-9A1E7A4F7556}") = "PlgScheme.EditorWeb", "ScadaWeb\OpenPlugins\PlgScheme.EditorWeb\PlgScheme.EditorWeb.csproj", "{CADD70C2-FB5F-4837-BFE9-13DE9E78544C}"
EndProject
Project("{9A19103F-16F7-4668-BE54-9A1E7A4F7556}") = "PlgScheme.View", "ScadaWeb\OpenPlugins\PlgScheme.View\PlgScheme.View.csproj", "{727033BD-BBBB-4872-98EB-3F8A20A28340}"
EndProject
Project("{2150E333-8FDC-42A3-9474-1A3956D46DE8}") = "PlgWebPage", "PlgWebPage", "{21F9AF7F-DF54-4A13-8B00-1079F2B3B4AF}"
EndProject
Project("{9A19103F-16F7-4668-BE54-9A1E7A4F7556}") = "PlgWebPage", "ScadaWeb\OpenPlugins\PlgWebPage\PlgWebPage.csproj", "{924B01E7-3E3E-41BE-88F0-CE21F2658A3F}"
EndProject
Project("{9A19103F-16F7-4668-BE54-9A1E7A4F7556}") = "PlgWebPage.View", "ScadaWeb\OpenPlugins\PlgWebPage.View\PlgWebPage.View.csproj", "{9E8B807B-A184-48A7-8ACF-D4A418FBC18B}"
EndProject
Project("{9A19103F-16F7-4668-BE54-9A1E7A4F7556}") = "ScadaReport", "ScadaReport\ScadaReport\ScadaReport.csproj", "{4F0AF816-AB13-411E-B70D-7AC1BEC25626}"
EndProject
Project("{2150E333-8FDC-42A3-9474-1A3956D46DE8}") = "Serven", "Serven", "{426EC7B7-1D4C-4E08-942E-0F6E04A6073A}"
EndProject
Project("{9A19103F-16F7-4668-BE54-9A1E7A4F7556}") = "ViewExplorerPlugin", "Serven\ViewExplorerPlugin\ViewExplorerPlugin.csproj", "{8960AD10-CBE5-4B75-8860-74F66C9B02E3}"
EndProject
Project("{2150E333-8FDC-42A3-9474-1A3956D46DE8}") = "DrvDsScadaServer", "DrvDsScadaServer", "{E75D6411-717B-4C93-9647-BB96BC402A32}"
EndProject
Project("{9A19103F-16F7-4668-BE54-9A1E7A4F7556}") = "DrvDsScadaServer.Logic", "ScadaComm\OpenDrivers\DrvDsScadaServer.Logic\DrvDsScadaServer.Logic.csproj", "{5258EBE2-137A-47EA-9266-8D4BD118A3EE}"
EndProject
Project("{9A19103F-16F7-4668-BE54-9A1E7A4F7556}") = "DrvDsScadaServer.View", "ScadaComm\OpenDrivers\DrvDsScadaServer.View\DrvDsScadaServer.View.csproj", "{C1C80D28-8AB4-4C9F-BCF5-5CD3D352D486}"
EndProject
Project("{2150E333-8FDC-42A3-9474-1A3956D46DE8}") = "DrvDsMqtt", "DrvDsMqtt", "{71D29F95-3FCB-40FF-9422-2ABFFA39E89E}"
EndProject
Project("{9A19103F-16F7-4668-BE54-9A1E7A4F7556}") = "DrvDsMqtt.Logic", "ScadaComm\OpenDrivers\DrvDsMqtt.Logic\DrvDsMqtt.Logic.csproj", "{92A3B4B9-4DBE-4B67-A31D-7EF42989AF34}"
EndProject
Project("{2150E333-8FDC-42A3-9474-1A3956D46DE8}") = "DrvMqtt", "DrvMqtt", "{979BB0E2-44F5-4789-90DD-B25BED93E2B4}"
EndProject
Project("{9A19103F-16F7-4668-BE54-9A1E7A4F7556}") = "DrvMqtt.Common", "ScadaComm\OpenDrivers\DrvMqtt.Common\DrvMqtt.Common.csproj", "{ED148B74-0CA3-4FD8-A0B7-0602381B245D}"
EndProject
Project("{9A19103F-16F7-4668-BE54-9A1E7A4F7556}") = "DrvDsMqtt.View", "ScadaComm\OpenDrivers\DrvDsMqtt.View\DrvDsMqtt.View.csproj", "{D1EDDA93-A001-4B2A-B448-B2C5AF9C603C}"
EndProject
Global
	GlobalSection(SolutionConfigurationPlatforms) = preSolution
		Debug|Any CPU = Debug|Any CPU
		Release|Any CPU = Release|Any CPU
	EndGlobalSection
	GlobalSection(ProjectConfigurationPlatforms) = postSolution
		{424ED101-C8F7-455A-91D5-4485364BAEC3}.Debug|Any CPU.ActiveCfg = Debug|Any CPU
		{424ED101-C8F7-455A-91D5-4485364BAEC3}.Debug|Any CPU.Build.0 = Debug|Any CPU
		{424ED101-C8F7-455A-91D5-4485364BAEC3}.Release|Any CPU.ActiveCfg = Release|Any CPU
		{424ED101-C8F7-455A-91D5-4485364BAEC3}.Release|Any CPU.Build.0 = Release|Any CPU
		{93E80CB0-18BB-4D6F-80DB-8814B1ED3784}.Debug|Any CPU.ActiveCfg = Debug|Any CPU
		{93E80CB0-18BB-4D6F-80DB-8814B1ED3784}.Debug|Any CPU.Build.0 = Debug|Any CPU
		{93E80CB0-18BB-4D6F-80DB-8814B1ED3784}.Release|Any CPU.ActiveCfg = Release|Any CPU
		{93E80CB0-18BB-4D6F-80DB-8814B1ED3784}.Release|Any CPU.Build.0 = Release|Any CPU
		{6CD8C868-3D28-4660-8096-31FBDEF99552}.Debug|Any CPU.ActiveCfg = Debug|Any CPU
		{6CD8C868-3D28-4660-8096-31FBDEF99552}.Debug|Any CPU.Build.0 = Debug|Any CPU
		{6CD8C868-3D28-4660-8096-31FBDEF99552}.Release|Any CPU.ActiveCfg = Release|Any CPU
		{6CD8C868-3D28-4660-8096-31FBDEF99552}.Release|Any CPU.Build.0 = Release|Any CPU
		{7243B0F4-5628-49B8-8711-B06E65215572}.Debug|Any CPU.ActiveCfg = Debug|Any CPU
		{7243B0F4-5628-49B8-8711-B06E65215572}.Debug|Any CPU.Build.0 = Debug|Any CPU
		{7243B0F4-5628-49B8-8711-B06E65215572}.Release|Any CPU.ActiveCfg = Release|Any CPU
		{7243B0F4-5628-49B8-8711-B06E65215572}.Release|Any CPU.Build.0 = Release|Any CPU
		{2B655F51-38A1-44C2-9D50-BB912FA58387}.Debug|Any CPU.ActiveCfg = Debug|Any CPU
		{2B655F51-38A1-44C2-9D50-BB912FA58387}.Debug|Any CPU.Build.0 = Debug|Any CPU
		{2B655F51-38A1-44C2-9D50-BB912FA58387}.Release|Any CPU.ActiveCfg = Release|Any CPU
		{2B655F51-38A1-44C2-9D50-BB912FA58387}.Release|Any CPU.Build.0 = Release|Any CPU
		{AC3ECCD3-7A37-4504-8ABA-1EB696E76748}.Debug|Any CPU.ActiveCfg = Debug|Any CPU
		{AC3ECCD3-7A37-4504-8ABA-1EB696E76748}.Debug|Any CPU.Build.0 = Debug|Any CPU
		{AC3ECCD3-7A37-4504-8ABA-1EB696E76748}.Release|Any CPU.ActiveCfg = Release|Any CPU
		{AC3ECCD3-7A37-4504-8ABA-1EB696E76748}.Release|Any CPU.Build.0 = Release|Any CPU
		{316FD41E-C1C1-45C5-BEF1-32A2D326FA96}.Debug|Any CPU.ActiveCfg = Debug|Any CPU
		{316FD41E-C1C1-45C5-BEF1-32A2D326FA96}.Debug|Any CPU.Build.0 = Debug|Any CPU
		{316FD41E-C1C1-45C5-BEF1-32A2D326FA96}.Release|Any CPU.ActiveCfg = Release|Any CPU
		{316FD41E-C1C1-45C5-BEF1-32A2D326FA96}.Release|Any CPU.Build.0 = Release|Any CPU
		{10812A6E-B94B-4C6E-84C7-0BF363B7EE5C}.Debug|Any CPU.ActiveCfg = Debug|Any CPU
		{10812A6E-B94B-4C6E-84C7-0BF363B7EE5C}.Debug|Any CPU.Build.0 = Debug|Any CPU
		{10812A6E-B94B-4C6E-84C7-0BF363B7EE5C}.Release|Any CPU.ActiveCfg = Release|Any CPU
		{10812A6E-B94B-4C6E-84C7-0BF363B7EE5C}.Release|Any CPU.Build.0 = Release|Any CPU
		{54361B82-0A56-484E-BFA1-5B3091A1C305}.Debug|Any CPU.ActiveCfg = Debug|Any CPU
		{54361B82-0A56-484E-BFA1-5B3091A1C305}.Debug|Any CPU.Build.0 = Debug|Any CPU
		{54361B82-0A56-484E-BFA1-5B3091A1C305}.Release|Any CPU.ActiveCfg = Release|Any CPU
		{54361B82-0A56-484E-BFA1-5B3091A1C305}.Release|Any CPU.Build.0 = Release|Any CPU
		{F5678DD0-88AF-4B02-B57A-C1F98AAEFFC8}.Debug|Any CPU.ActiveCfg = Debug|Any CPU
		{F5678DD0-88AF-4B02-B57A-C1F98AAEFFC8}.Debug|Any CPU.Build.0 = Debug|Any CPU
		{F5678DD0-88AF-4B02-B57A-C1F98AAEFFC8}.Release|Any CPU.ActiveCfg = Release|Any CPU
		{F5678DD0-88AF-4B02-B57A-C1F98AAEFFC8}.Release|Any CPU.Build.0 = Release|Any CPU
		{D2B3E542-E416-42D8-8E7D-2DB8F04BAEDD}.Debug|Any CPU.ActiveCfg = Debug|Any CPU
		{D2B3E542-E416-42D8-8E7D-2DB8F04BAEDD}.Debug|Any CPU.Build.0 = Debug|Any CPU
		{D2B3E542-E416-42D8-8E7D-2DB8F04BAEDD}.Release|Any CPU.ActiveCfg = Release|Any CPU
		{D2B3E542-E416-42D8-8E7D-2DB8F04BAEDD}.Release|Any CPU.Build.0 = Release|Any CPU
		{0DEBF307-41EA-4368-9DF3-59C0366CE5CB}.Debug|Any CPU.ActiveCfg = Debug|Any CPU
		{0DEBF307-41EA-4368-9DF3-59C0366CE5CB}.Debug|Any CPU.Build.0 = Debug|Any CPU
		{0DEBF307-41EA-4368-9DF3-59C0366CE5CB}.Release|Any CPU.ActiveCfg = Release|Any CPU
		{0DEBF307-41EA-4368-9DF3-59C0366CE5CB}.Release|Any CPU.Build.0 = Release|Any CPU
		{C27D87AE-46E4-46B9-9C88-46F8DFB863D1}.Debug|Any CPU.ActiveCfg = Debug|Any CPU
		{C27D87AE-46E4-46B9-9C88-46F8DFB863D1}.Debug|Any CPU.Build.0 = Debug|Any CPU
		{C27D87AE-46E4-46B9-9C88-46F8DFB863D1}.Release|Any CPU.ActiveCfg = Release|Any CPU
		{C27D87AE-46E4-46B9-9C88-46F8DFB863D1}.Release|Any CPU.Build.0 = Release|Any CPU
		{B1819195-2F5F-496D-9D02-85F01BAB9A6E}.Debug|Any CPU.ActiveCfg = Debug|Any CPU
		{B1819195-2F5F-496D-9D02-85F01BAB9A6E}.Debug|Any CPU.Build.0 = Debug|Any CPU
		{B1819195-2F5F-496D-9D02-85F01BAB9A6E}.Release|Any CPU.ActiveCfg = Release|Any CPU
		{B1819195-2F5F-496D-9D02-85F01BAB9A6E}.Release|Any CPU.Build.0 = Release|Any CPU
		{2BF0EE95-3BC2-4D4F-862F-0277C8AFA53F}.Debug|Any CPU.ActiveCfg = Debug|Any CPU
		{2BF0EE95-3BC2-4D4F-862F-0277C8AFA53F}.Debug|Any CPU.Build.0 = Debug|Any CPU
		{2BF0EE95-3BC2-4D4F-862F-0277C8AFA53F}.Release|Any CPU.ActiveCfg = Release|Any CPU
		{2BF0EE95-3BC2-4D4F-862F-0277C8AFA53F}.Release|Any CPU.Build.0 = Release|Any CPU
		{2DF96A03-F6BE-434D-AC0D-DC0BF91DA8C6}.Debug|Any CPU.ActiveCfg = Debug|Any CPU
		{2DF96A03-F6BE-434D-AC0D-DC0BF91DA8C6}.Debug|Any CPU.Build.0 = Debug|Any CPU
		{2DF96A03-F6BE-434D-AC0D-DC0BF91DA8C6}.Release|Any CPU.ActiveCfg = Release|Any CPU
		{2DF96A03-F6BE-434D-AC0D-DC0BF91DA8C6}.Release|Any CPU.Build.0 = Release|Any CPU
		{985E0A3D-87BB-4C1D-990B-971473A6532A}.Debug|Any CPU.ActiveCfg = Debug|Any CPU
		{985E0A3D-87BB-4C1D-990B-971473A6532A}.Debug|Any CPU.Build.0 = Debug|Any CPU
		{985E0A3D-87BB-4C1D-990B-971473A6532A}.Release|Any CPU.ActiveCfg = Release|Any CPU
		{985E0A3D-87BB-4C1D-990B-971473A6532A}.Release|Any CPU.Build.0 = Release|Any CPU
		{05BF327A-B7F2-4FD6-8F35-A587234972ED}.Debug|Any CPU.ActiveCfg = Debug|Any CPU
		{05BF327A-B7F2-4FD6-8F35-A587234972ED}.Debug|Any CPU.Build.0 = Debug|Any CPU
		{05BF327A-B7F2-4FD6-8F35-A587234972ED}.Release|Any CPU.ActiveCfg = Release|Any CPU
		{05BF327A-B7F2-4FD6-8F35-A587234972ED}.Release|Any CPU.Build.0 = Release|Any CPU
		{07F03F76-1FD1-4B5D-B189-E53F2D129DB5}.Debug|Any CPU.ActiveCfg = Debug|Any CPU
		{07F03F76-1FD1-4B5D-B189-E53F2D129DB5}.Debug|Any CPU.Build.0 = Debug|Any CPU
		{07F03F76-1FD1-4B5D-B189-E53F2D129DB5}.Release|Any CPU.ActiveCfg = Release|Any CPU
		{07F03F76-1FD1-4B5D-B189-E53F2D129DB5}.Release|Any CPU.Build.0 = Release|Any CPU
		{B94B0463-11E4-4B57-9272-5869F0A2D32E}.Debug|Any CPU.ActiveCfg = Debug|Any CPU
		{B94B0463-11E4-4B57-9272-5869F0A2D32E}.Debug|Any CPU.Build.0 = Debug|Any CPU
		{B94B0463-11E4-4B57-9272-5869F0A2D32E}.Release|Any CPU.ActiveCfg = Release|Any CPU
		{B94B0463-11E4-4B57-9272-5869F0A2D32E}.Release|Any CPU.Build.0 = Release|Any CPU
		{290E171E-864B-4C4F-9460-E70C95C5E0F2}.Debug|Any CPU.ActiveCfg = Debug|Any CPU
		{290E171E-864B-4C4F-9460-E70C95C5E0F2}.Debug|Any CPU.Build.0 = Debug|Any CPU
		{290E171E-864B-4C4F-9460-E70C95C5E0F2}.Release|Any CPU.ActiveCfg = Release|Any CPU
		{290E171E-864B-4C4F-9460-E70C95C5E0F2}.Release|Any CPU.Build.0 = Release|Any CPU
		{19C052E6-1909-41A0-AAC0-2C03B2AFDB7B}.Debug|Any CPU.ActiveCfg = Debug|Any CPU
		{19C052E6-1909-41A0-AAC0-2C03B2AFDB7B}.Debug|Any CPU.Build.0 = Debug|Any CPU
		{19C052E6-1909-41A0-AAC0-2C03B2AFDB7B}.Release|Any CPU.ActiveCfg = Release|Any CPU
		{19C052E6-1909-41A0-AAC0-2C03B2AFDB7B}.Release|Any CPU.Build.0 = Release|Any CPU
		{DACE45DE-6F84-4B03-9CF8-0E9E5F68BF07}.Debug|Any CPU.ActiveCfg = Debug|Any CPU
		{DACE45DE-6F84-4B03-9CF8-0E9E5F68BF07}.Debug|Any CPU.Build.0 = Debug|Any CPU
		{DACE45DE-6F84-4B03-9CF8-0E9E5F68BF07}.Release|Any CPU.ActiveCfg = Release|Any CPU
		{DACE45DE-6F84-4B03-9CF8-0E9E5F68BF07}.Release|Any CPU.Build.0 = Release|Any CPU
		{32918B2A-323F-49B3-925E-4A8D33AA7295}.Debug|Any CPU.ActiveCfg = Debug|Any CPU
		{32918B2A-323F-49B3-925E-4A8D33AA7295}.Debug|Any CPU.Build.0 = Debug|Any CPU
		{32918B2A-323F-49B3-925E-4A8D33AA7295}.Release|Any CPU.ActiveCfg = Release|Any CPU
		{32918B2A-323F-49B3-925E-4A8D33AA7295}.Release|Any CPU.Build.0 = Release|Any CPU
		{8188E97C-9C7D-495D-A110-3AD76D152DDB}.Debug|Any CPU.ActiveCfg = Debug|Any CPU
		{8188E97C-9C7D-495D-A110-3AD76D152DDB}.Debug|Any CPU.Build.0 = Debug|Any CPU
		{8188E97C-9C7D-495D-A110-3AD76D152DDB}.Release|Any CPU.ActiveCfg = Release|Any CPU
		{8188E97C-9C7D-495D-A110-3AD76D152DDB}.Release|Any CPU.Build.0 = Release|Any CPU
		{0466F05C-9913-41A7-ABC9-8442EDE6FCBF}.Debug|Any CPU.ActiveCfg = Debug|Any CPU
		{0466F05C-9913-41A7-ABC9-8442EDE6FCBF}.Debug|Any CPU.Build.0 = Debug|Any CPU
		{0466F05C-9913-41A7-ABC9-8442EDE6FCBF}.Release|Any CPU.ActiveCfg = Release|Any CPU
		{0466F05C-9913-41A7-ABC9-8442EDE6FCBF}.Release|Any CPU.Build.0 = Release|Any CPU
		{642E1E1A-F748-4ABB-ABB6-2EF741135528}.Debug|Any CPU.ActiveCfg = Debug|Any CPU
		{642E1E1A-F748-4ABB-ABB6-2EF741135528}.Debug|Any CPU.Build.0 = Debug|Any CPU
		{642E1E1A-F748-4ABB-ABB6-2EF741135528}.Release|Any CPU.ActiveCfg = Release|Any CPU
		{642E1E1A-F748-4ABB-ABB6-2EF741135528}.Release|Any CPU.Build.0 = Release|Any CPU
		{B252947B-ACF2-4CFF-B82D-DD8A44EE5D2A}.Debug|Any CPU.ActiveCfg = Debug|Any CPU
		{B252947B-ACF2-4CFF-B82D-DD8A44EE5D2A}.Debug|Any CPU.Build.0 = Debug|Any CPU
		{B252947B-ACF2-4CFF-B82D-DD8A44EE5D2A}.Release|Any CPU.ActiveCfg = Release|Any CPU
		{B252947B-ACF2-4CFF-B82D-DD8A44EE5D2A}.Release|Any CPU.Build.0 = Release|Any CPU
		{97F68DC0-2D8B-4990-8D1F-9037D326DCC4}.Debug|Any CPU.ActiveCfg = Debug|Any CPU
		{97F68DC0-2D8B-4990-8D1F-9037D326DCC4}.Debug|Any CPU.Build.0 = Debug|Any CPU
		{97F68DC0-2D8B-4990-8D1F-9037D326DCC4}.Release|Any CPU.ActiveCfg = Release|Any CPU
		{97F68DC0-2D8B-4990-8D1F-9037D326DCC4}.Release|Any CPU.Build.0 = Release|Any CPU
		{5A9087AC-0A85-4A09-A940-BD4CDF207288}.Debug|Any CPU.ActiveCfg = Debug|Any CPU
		{5A9087AC-0A85-4A09-A940-BD4CDF207288}.Debug|Any CPU.Build.0 = Debug|Any CPU
		{5A9087AC-0A85-4A09-A940-BD4CDF207288}.Release|Any CPU.ActiveCfg = Release|Any CPU
		{5A9087AC-0A85-4A09-A940-BD4CDF207288}.Release|Any CPU.Build.0 = Release|Any CPU
		{7472077B-7F61-445B-9114-D9335D9E53D6}.Debug|Any CPU.ActiveCfg = Debug|Any CPU
		{7472077B-7F61-445B-9114-D9335D9E53D6}.Debug|Any CPU.Build.0 = Debug|Any CPU
		{7472077B-7F61-445B-9114-D9335D9E53D6}.Release|Any CPU.ActiveCfg = Release|Any CPU
		{7472077B-7F61-445B-9114-D9335D9E53D6}.Release|Any CPU.Build.0 = Release|Any CPU
		{7FC29DB1-A7C9-4994-BC61-DA354A85D17A}.Debug|Any CPU.ActiveCfg = Debug|Any CPU
		{7FC29DB1-A7C9-4994-BC61-DA354A85D17A}.Debug|Any CPU.Build.0 = Debug|Any CPU
		{7FC29DB1-A7C9-4994-BC61-DA354A85D17A}.Release|Any CPU.ActiveCfg = Release|Any CPU
		{7FC29DB1-A7C9-4994-BC61-DA354A85D17A}.Release|Any CPU.Build.0 = Release|Any CPU
		{CD12A51C-9573-40C0-BA8E-71B2352431B9}.Debug|Any CPU.ActiveCfg = Debug|Any CPU
		{CD12A51C-9573-40C0-BA8E-71B2352431B9}.Debug|Any CPU.Build.0 = Debug|Any CPU
		{CD12A51C-9573-40C0-BA8E-71B2352431B9}.Release|Any CPU.ActiveCfg = Release|Any CPU
		{CD12A51C-9573-40C0-BA8E-71B2352431B9}.Release|Any CPU.Build.0 = Release|Any CPU
		{3739DE28-0955-481E-A659-84AF6B32C5A7}.Debug|Any CPU.ActiveCfg = Debug|Any CPU
		{3739DE28-0955-481E-A659-84AF6B32C5A7}.Debug|Any CPU.Build.0 = Debug|Any CPU
		{3739DE28-0955-481E-A659-84AF6B32C5A7}.Release|Any CPU.ActiveCfg = Release|Any CPU
		{3739DE28-0955-481E-A659-84AF6B32C5A7}.Release|Any CPU.Build.0 = Release|Any CPU
		{FA042440-9B89-4D7D-9257-0C65335E8497}.Debug|Any CPU.ActiveCfg = Debug|Any CPU
		{FA042440-9B89-4D7D-9257-0C65335E8497}.Debug|Any CPU.Build.0 = Debug|Any CPU
		{FA042440-9B89-4D7D-9257-0C65335E8497}.Release|Any CPU.ActiveCfg = Release|Any CPU
		{FA042440-9B89-4D7D-9257-0C65335E8497}.Release|Any CPU.Build.0 = Release|Any CPU
		{9619A256-99CC-4952-A9BE-375950A7B154}.Debug|Any CPU.ActiveCfg = Debug|Any CPU
		{9619A256-99CC-4952-A9BE-375950A7B154}.Debug|Any CPU.Build.0 = Debug|Any CPU
		{9619A256-99CC-4952-A9BE-375950A7B154}.Release|Any CPU.ActiveCfg = Release|Any CPU
		{9619A256-99CC-4952-A9BE-375950A7B154}.Release|Any CPU.Build.0 = Release|Any CPU
		{43E6B756-AF9A-4CFC-AFB1-13C1E418F8BC}.Debug|Any CPU.ActiveCfg = Debug|Any CPU
		{43E6B756-AF9A-4CFC-AFB1-13C1E418F8BC}.Debug|Any CPU.Build.0 = Debug|Any CPU
		{43E6B756-AF9A-4CFC-AFB1-13C1E418F8BC}.Release|Any CPU.ActiveCfg = Release|Any CPU
		{43E6B756-AF9A-4CFC-AFB1-13C1E418F8BC}.Release|Any CPU.Build.0 = Release|Any CPU
		{583EE7BA-2DC8-444C-A9B9-3AF7F5DBB91D}.Debug|Any CPU.ActiveCfg = Debug|Any CPU
		{583EE7BA-2DC8-444C-A9B9-3AF7F5DBB91D}.Debug|Any CPU.Build.0 = Debug|Any CPU
		{583EE7BA-2DC8-444C-A9B9-3AF7F5DBB91D}.Release|Any CPU.ActiveCfg = Release|Any CPU
		{583EE7BA-2DC8-444C-A9B9-3AF7F5DBB91D}.Release|Any CPU.Build.0 = Release|Any CPU
		{C0058D23-95B7-4415-8C35-A05D843F186B}.Debug|Any CPU.ActiveCfg = Debug|Any CPU
		{C0058D23-95B7-4415-8C35-A05D843F186B}.Debug|Any CPU.Build.0 = Debug|Any CPU
		{C0058D23-95B7-4415-8C35-A05D843F186B}.Release|Any CPU.ActiveCfg = Release|Any CPU
		{C0058D23-95B7-4415-8C35-A05D843F186B}.Release|Any CPU.Build.0 = Release|Any CPU
		{0A2CFD48-2EA0-467D-8432-2FAB1ED1DADD}.Debug|Any CPU.ActiveCfg = Debug|Any CPU
		{0A2CFD48-2EA0-467D-8432-2FAB1ED1DADD}.Debug|Any CPU.Build.0 = Debug|Any CPU
		{0A2CFD48-2EA0-467D-8432-2FAB1ED1DADD}.Release|Any CPU.ActiveCfg = Release|Any CPU
		{0A2CFD48-2EA0-467D-8432-2FAB1ED1DADD}.Release|Any CPU.Build.0 = Release|Any CPU
		{3D3372D8-A9AC-46A0-8CCF-638DA9DAE9ED}.Debug|Any CPU.ActiveCfg = Debug|Any CPU
		{3D3372D8-A9AC-46A0-8CCF-638DA9DAE9ED}.Debug|Any CPU.Build.0 = Debug|Any CPU
		{3D3372D8-A9AC-46A0-8CCF-638DA9DAE9ED}.Release|Any CPU.ActiveCfg = Release|Any CPU
		{3D3372D8-A9AC-46A0-8CCF-638DA9DAE9ED}.Release|Any CPU.Build.0 = Release|Any CPU
		{EAC5A70B-6D3E-4B6B-B511-7DEEFB89B989}.Debug|Any CPU.ActiveCfg = Debug|Any CPU
		{EAC5A70B-6D3E-4B6B-B511-7DEEFB89B989}.Debug|Any CPU.Build.0 = Debug|Any CPU
		{EAC5A70B-6D3E-4B6B-B511-7DEEFB89B989}.Release|Any CPU.ActiveCfg = Release|Any CPU
		{EAC5A70B-6D3E-4B6B-B511-7DEEFB89B989}.Release|Any CPU.Build.0 = Release|Any CPU
		{F249E6C0-D895-4AC3-BFC9-D1C435125D5D}.Debug|Any CPU.ActiveCfg = Debug|Any CPU
		{F249E6C0-D895-4AC3-BFC9-D1C435125D5D}.Debug|Any CPU.Build.0 = Debug|Any CPU
		{F249E6C0-D895-4AC3-BFC9-D1C435125D5D}.Release|Any CPU.ActiveCfg = Release|Any CPU
		{F249E6C0-D895-4AC3-BFC9-D1C435125D5D}.Release|Any CPU.Build.0 = Release|Any CPU
		{339C5956-929C-435D-9607-F35DD50CD790}.Debug|Any CPU.ActiveCfg = Debug|Any CPU
		{339C5956-929C-435D-9607-F35DD50CD790}.Debug|Any CPU.Build.0 = Debug|Any CPU
		{339C5956-929C-435D-9607-F35DD50CD790}.Release|Any CPU.ActiveCfg = Release|Any CPU
		{339C5956-929C-435D-9607-F35DD50CD790}.Release|Any CPU.Build.0 = Release|Any CPU
		{7728A715-9A1E-407B-8450-3E8D2D2005BE}.Debug|Any CPU.ActiveCfg = Debug|Any CPU
		{7728A715-9A1E-407B-8450-3E8D2D2005BE}.Debug|Any CPU.Build.0 = Debug|Any CPU
		{7728A715-9A1E-407B-8450-3E8D2D2005BE}.Release|Any CPU.ActiveCfg = Release|Any CPU
		{7728A715-9A1E-407B-8450-3E8D2D2005BE}.Release|Any CPU.Build.0 = Release|Any CPU
		{D1B3346F-85BB-42DB-AD07-DAAAE00A0263}.Debug|Any CPU.ActiveCfg = Debug|Any CPU
		{D1B3346F-85BB-42DB-AD07-DAAAE00A0263}.Debug|Any CPU.Build.0 = Debug|Any CPU
		{D1B3346F-85BB-42DB-AD07-DAAAE00A0263}.Release|Any CPU.ActiveCfg = Release|Any CPU
		{D1B3346F-85BB-42DB-AD07-DAAAE00A0263}.Release|Any CPU.Build.0 = Release|Any CPU
		{CA8BE13A-990B-466A-9104-9A97EB956D71}.Debug|Any CPU.ActiveCfg = Debug|Any CPU
		{CA8BE13A-990B-466A-9104-9A97EB956D71}.Debug|Any CPU.Build.0 = Debug|Any CPU
		{CA8BE13A-990B-466A-9104-9A97EB956D71}.Release|Any CPU.ActiveCfg = Release|Any CPU
		{CA8BE13A-990B-466A-9104-9A97EB956D71}.Release|Any CPU.Build.0 = Release|Any CPU
		{CB4A495C-E8DC-430D-A5C8-070E00668A64}.Debug|Any CPU.ActiveCfg = Debug|Any CPU
		{CB4A495C-E8DC-430D-A5C8-070E00668A64}.Debug|Any CPU.Build.0 = Debug|Any CPU
		{CB4A495C-E8DC-430D-A5C8-070E00668A64}.Release|Any CPU.ActiveCfg = Release|Any CPU
		{CB4A495C-E8DC-430D-A5C8-070E00668A64}.Release|Any CPU.Build.0 = Release|Any CPU
		{405F23F8-825D-40E0-9997-E8B3641E2E9D}.Debug|Any CPU.ActiveCfg = Debug|Any CPU
		{405F23F8-825D-40E0-9997-E8B3641E2E9D}.Debug|Any CPU.Build.0 = Debug|Any CPU
		{405F23F8-825D-40E0-9997-E8B3641E2E9D}.Release|Any CPU.ActiveCfg = Release|Any CPU
		{405F23F8-825D-40E0-9997-E8B3641E2E9D}.Release|Any CPU.Build.0 = Release|Any CPU
		{A82C7753-4C82-4514-849B-48AEE9205A4E}.Debug|Any CPU.ActiveCfg = Debug|Any CPU
		{A82C7753-4C82-4514-849B-48AEE9205A4E}.Debug|Any CPU.Build.0 = Debug|Any CPU
		{A82C7753-4C82-4514-849B-48AEE9205A4E}.Release|Any CPU.ActiveCfg = Release|Any CPU
		{A82C7753-4C82-4514-849B-48AEE9205A4E}.Release|Any CPU.Build.0 = Release|Any CPU
		{F1848001-5843-44F6-AD1A-D7190B10BEDE}.Debug|Any CPU.ActiveCfg = Debug|Any CPU
		{F1848001-5843-44F6-AD1A-D7190B10BEDE}.Debug|Any CPU.Build.0 = Debug|Any CPU
		{F1848001-5843-44F6-AD1A-D7190B10BEDE}.Release|Any CPU.ActiveCfg = Release|Any CPU
		{F1848001-5843-44F6-AD1A-D7190B10BEDE}.Release|Any CPU.Build.0 = Release|Any CPU
		{22A9104E-980F-44F4-B12E-C7A8216496C9}.Debug|Any CPU.ActiveCfg = Debug|Any CPU
		{22A9104E-980F-44F4-B12E-C7A8216496C9}.Debug|Any CPU.Build.0 = Debug|Any CPU
		{22A9104E-980F-44F4-B12E-C7A8216496C9}.Release|Any CPU.ActiveCfg = Release|Any CPU
		{22A9104E-980F-44F4-B12E-C7A8216496C9}.Release|Any CPU.Build.0 = Release|Any CPU
		{C632D6D2-2016-4598-A934-BA042A4D47D7}.Debug|Any CPU.ActiveCfg = Debug|Any CPU
		{C632D6D2-2016-4598-A934-BA042A4D47D7}.Debug|Any CPU.Build.0 = Debug|Any CPU
		{C632D6D2-2016-4598-A934-BA042A4D47D7}.Release|Any CPU.ActiveCfg = Release|Any CPU
		{C632D6D2-2016-4598-A934-BA042A4D47D7}.Release|Any CPU.Build.0 = Release|Any CPU
		{4ADE78DF-9493-4CF6-AB0F-8415AAF9460F}.Debug|Any CPU.ActiveCfg = Debug|Any CPU
		{4ADE78DF-9493-4CF6-AB0F-8415AAF9460F}.Debug|Any CPU.Build.0 = Debug|Any CPU
		{4ADE78DF-9493-4CF6-AB0F-8415AAF9460F}.Release|Any CPU.ActiveCfg = Release|Any CPU
		{4ADE78DF-9493-4CF6-AB0F-8415AAF9460F}.Release|Any CPU.Build.0 = Release|Any CPU
		{7AB9C5C5-FF78-4CDC-BC39-65046E730EE8}.Debug|Any CPU.ActiveCfg = Debug|Any CPU
		{7AB9C5C5-FF78-4CDC-BC39-65046E730EE8}.Debug|Any CPU.Build.0 = Debug|Any CPU
		{7AB9C5C5-FF78-4CDC-BC39-65046E730EE8}.Release|Any CPU.ActiveCfg = Release|Any CPU
		{7AB9C5C5-FF78-4CDC-BC39-65046E730EE8}.Release|Any CPU.Build.0 = Release|Any CPU
		{3B3024BD-2350-4521-8314-6FF5F09B1E5C}.Debug|Any CPU.ActiveCfg = Debug|Any CPU
		{3B3024BD-2350-4521-8314-6FF5F09B1E5C}.Debug|Any CPU.Build.0 = Debug|Any CPU
		{3B3024BD-2350-4521-8314-6FF5F09B1E5C}.Release|Any CPU.ActiveCfg = Release|Any CPU
		{3B3024BD-2350-4521-8314-6FF5F09B1E5C}.Release|Any CPU.Build.0 = Release|Any CPU
		{17E64749-9479-48DD-9DBD-12E8CA237EBC}.Debug|Any CPU.ActiveCfg = Debug|Any CPU
		{17E64749-9479-48DD-9DBD-12E8CA237EBC}.Debug|Any CPU.Build.0 = Debug|Any CPU
		{17E64749-9479-48DD-9DBD-12E8CA237EBC}.Release|Any CPU.ActiveCfg = Release|Any CPU
		{17E64749-9479-48DD-9DBD-12E8CA237EBC}.Release|Any CPU.Build.0 = Release|Any CPU
		{CADD70C2-FB5F-4837-BFE9-13DE9E78544C}.Debug|Any CPU.ActiveCfg = Debug|Any CPU
		{CADD70C2-FB5F-4837-BFE9-13DE9E78544C}.Debug|Any CPU.Build.0 = Debug|Any CPU
		{CADD70C2-FB5F-4837-BFE9-13DE9E78544C}.Release|Any CPU.ActiveCfg = Release|Any CPU
		{CADD70C2-FB5F-4837-BFE9-13DE9E78544C}.Release|Any CPU.Build.0 = Release|Any CPU
		{727033BD-BBBB-4872-98EB-3F8A20A28340}.Debug|Any CPU.ActiveCfg = Debug|Any CPU
		{727033BD-BBBB-4872-98EB-3F8A20A28340}.Debug|Any CPU.Build.0 = Debug|Any CPU
		{727033BD-BBBB-4872-98EB-3F8A20A28340}.Release|Any CPU.ActiveCfg = Release|Any CPU
		{727033BD-BBBB-4872-98EB-3F8A20A28340}.Release|Any CPU.Build.0 = Release|Any CPU
		{924B01E7-3E3E-41BE-88F0-CE21F2658A3F}.Debug|Any CPU.ActiveCfg = Debug|Any CPU
		{924B01E7-3E3E-41BE-88F0-CE21F2658A3F}.Debug|Any CPU.Build.0 = Debug|Any CPU
		{924B01E7-3E3E-41BE-88F0-CE21F2658A3F}.Release|Any CPU.ActiveCfg = Release|Any CPU
		{924B01E7-3E3E-41BE-88F0-CE21F2658A3F}.Release|Any CPU.Build.0 = Release|Any CPU
		{9E8B807B-A184-48A7-8ACF-D4A418FBC18B}.Debug|Any CPU.ActiveCfg = Debug|Any CPU
		{9E8B807B-A184-48A7-8ACF-D4A418FBC18B}.Debug|Any CPU.Build.0 = Debug|Any CPU
		{9E8B807B-A184-48A7-8ACF-D4A418FBC18B}.Release|Any CPU.ActiveCfg = Release|Any CPU
		{9E8B807B-A184-48A7-8ACF-D4A418FBC18B}.Release|Any CPU.Build.0 = Release|Any CPU
		{4F0AF816-AB13-411E-B70D-7AC1BEC25626}.Debug|Any CPU.ActiveCfg = Debug|Any CPU
		{4F0AF816-AB13-411E-B70D-7AC1BEC25626}.Debug|Any CPU.Build.0 = Debug|Any CPU
		{4F0AF816-AB13-411E-B70D-7AC1BEC25626}.Release|Any CPU.ActiveCfg = Release|Any CPU
		{4F0AF816-AB13-411E-B70D-7AC1BEC25626}.Release|Any CPU.Build.0 = Release|Any CPU
		{8960AD10-CBE5-4B75-8860-74F66C9B02E3}.Debug|Any CPU.ActiveCfg = Debug|Any CPU
		{8960AD10-CBE5-4B75-8860-74F66C9B02E3}.Debug|Any CPU.Build.0 = Debug|Any CPU
		{8960AD10-CBE5-4B75-8860-74F66C9B02E3}.Release|Any CPU.ActiveCfg = Release|Any CPU
		{8960AD10-CBE5-4B75-8860-74F66C9B02E3}.Release|Any CPU.Build.0 = Release|Any CPU
		{5258EBE2-137A-47EA-9266-8D4BD118A3EE}.Debug|Any CPU.ActiveCfg = Debug|Any CPU
		{5258EBE2-137A-47EA-9266-8D4BD118A3EE}.Debug|Any CPU.Build.0 = Debug|Any CPU
		{5258EBE2-137A-47EA-9266-8D4BD118A3EE}.Release|Any CPU.ActiveCfg = Release|Any CPU
		{5258EBE2-137A-47EA-9266-8D4BD118A3EE}.Release|Any CPU.Build.0 = Release|Any CPU
		{C1C80D28-8AB4-4C9F-BCF5-5CD3D352D486}.Debug|Any CPU.ActiveCfg = Debug|Any CPU
		{C1C80D28-8AB4-4C9F-BCF5-5CD3D352D486}.Debug|Any CPU.Build.0 = Debug|Any CPU
		{C1C80D28-8AB4-4C9F-BCF5-5CD3D352D486}.Release|Any CPU.ActiveCfg = Release|Any CPU
		{C1C80D28-8AB4-4C9F-BCF5-5CD3D352D486}.Release|Any CPU.Build.0 = Release|Any CPU
		{92A3B4B9-4DBE-4B67-A31D-7EF42989AF34}.Debug|Any CPU.ActiveCfg = Debug|Any CPU
		{92A3B4B9-4DBE-4B67-A31D-7EF42989AF34}.Debug|Any CPU.Build.0 = Debug|Any CPU
		{92A3B4B9-4DBE-4B67-A31D-7EF42989AF34}.Release|Any CPU.ActiveCfg = Release|Any CPU
		{92A3B4B9-4DBE-4B67-A31D-7EF42989AF34}.Release|Any CPU.Build.0 = Release|Any CPU
		{ED148B74-0CA3-4FD8-A0B7-0602381B245D}.Debug|Any CPU.ActiveCfg = Debug|Any CPU
		{ED148B74-0CA3-4FD8-A0B7-0602381B245D}.Debug|Any CPU.Build.0 = Debug|Any CPU
		{ED148B74-0CA3-4FD8-A0B7-0602381B245D}.Release|Any CPU.ActiveCfg = Release|Any CPU
		{ED148B74-0CA3-4FD8-A0B7-0602381B245D}.Release|Any CPU.Build.0 = Release|Any CPU
		{D1EDDA93-A001-4B2A-B448-B2C5AF9C603C}.Debug|Any CPU.ActiveCfg = Debug|Any CPU
		{D1EDDA93-A001-4B2A-B448-B2C5AF9C603C}.Debug|Any CPU.Build.0 = Debug|Any CPU
		{D1EDDA93-A001-4B2A-B448-B2C5AF9C603C}.Release|Any CPU.ActiveCfg = Release|Any CPU
		{D1EDDA93-A001-4B2A-B448-B2C5AF9C603C}.Release|Any CPU.Build.0 = Release|Any CPU
	EndGlobalSection
	GlobalSection(SolutionProperties) = preSolution
		HideSolutionNode = FALSE
	EndGlobalSection
	GlobalSection(NestedProjects) = preSolution
		{424ED101-C8F7-455A-91D5-4485364BAEC3} = {1FDD4584-BEB6-4385-8489-1710993246E3}
		{93E80CB0-18BB-4D6F-80DB-8814B1ED3784} = {1FDD4584-BEB6-4385-8489-1710993246E3}
		{6CD8C868-3D28-4660-8096-31FBDEF99552} = {1FDD4584-BEB6-4385-8489-1710993246E3}
		{7243B0F4-5628-49B8-8711-B06E65215572} = {FCBEA607-E45D-4644-A886-18E83F5118EE}
		{2B655F51-38A1-44C2-9D50-BB912FA58387} = {4B9A6265-441C-45A7-A554-EF430CE830EE}
		{AC3ECCD3-7A37-4504-8ABA-1EB696E76748} = {06784607-02E0-4F28-95E2-2A64C12105C1}
		{316FD41E-C1C1-45C5-BEF1-32A2D326FA96} = {06332CDF-2857-42FC-98C0-B2A5666C4C6B}
		{10812A6E-B94B-4C6E-84C7-0BF363B7EE5C} = {06332CDF-2857-42FC-98C0-B2A5666C4C6B}
		{54361B82-0A56-484E-BFA1-5B3091A1C305} = {1CA27352-B80F-4EFD-B23B-F7AF23517A7B}
		{F99032DA-CA89-4AA4-BD94-954FBB89B449} = {06332CDF-2857-42FC-98C0-B2A5666C4C6B}
		{F5678DD0-88AF-4B02-B57A-C1F98AAEFFC8} = {F99032DA-CA89-4AA4-BD94-954FBB89B449}
		{D2B3E542-E416-42D8-8E7D-2DB8F04BAEDD} = {F99032DA-CA89-4AA4-BD94-954FBB89B449}
		{0DEBF307-41EA-4368-9DF3-59C0366CE5CB} = {F99032DA-CA89-4AA4-BD94-954FBB89B449}
		{C27D87AE-46E4-46B9-9C88-46F8DFB863D1} = {F99032DA-CA89-4AA4-BD94-954FBB89B449}
		{B1819195-2F5F-496D-9D02-85F01BAB9A6E} = {F99032DA-CA89-4AA4-BD94-954FBB89B449}
		{2BF0EE95-3BC2-4D4F-862F-0277C8AFA53F} = {F99032DA-CA89-4AA4-BD94-954FBB89B449}
		{2DF96A03-F6BE-434D-AC0D-DC0BF91DA8C6} = {F99032DA-CA89-4AA4-BD94-954FBB89B449}
		{985E0A3D-87BB-4C1D-990B-971473A6532A} = {06784607-02E0-4F28-95E2-2A64C12105C1}
		{4293CA36-BC1D-42E1-A88C-B4D2460D9695} = {06784607-02E0-4F28-95E2-2A64C12105C1}
		{05BF327A-B7F2-4FD6-8F35-A587234972ED} = {833DC7A5-936D-4DF8-8C43-6413772B6B85}
		{07F03F76-1FD1-4B5D-B189-E53F2D129DB5} = {833DC7A5-936D-4DF8-8C43-6413772B6B85}
		{844BEA8F-723E-4A9A-8498-6D840BB37B4B} = {FCBEA607-E45D-4644-A886-18E83F5118EE}
		{C51851BC-D5CF-4C89-B880-4B40981A4B4C} = {844BEA8F-723E-4A9A-8498-6D840BB37B4B}
		{5895EC4B-8DCE-4A70-BDB7-04F7A21B9C19} = {844BEA8F-723E-4A9A-8498-6D840BB37B4B}
		{664B6833-424A-4F4C-8674-1E5F70B4DDE7} = {844BEA8F-723E-4A9A-8498-6D840BB37B4B}
		{B94B0463-11E4-4B57-9272-5869F0A2D32E} = {C51851BC-D5CF-4C89-B880-4B40981A4B4C}
		{290E171E-864B-4C4F-9460-E70C95C5E0F2} = {C51851BC-D5CF-4C89-B880-4B40981A4B4C}
		{19C052E6-1909-41A0-AAC0-2C03B2AFDB7B} = {5895EC4B-8DCE-4A70-BDB7-04F7A21B9C19}
		{DACE45DE-6F84-4B03-9CF8-0E9E5F68BF07} = {5895EC4B-8DCE-4A70-BDB7-04F7A21B9C19}
		{32918B2A-323F-49B3-925E-4A8D33AA7295} = {664B6833-424A-4F4C-8674-1E5F70B4DDE7}
		{8188E97C-9C7D-495D-A110-3AD76D152DDB} = {664B6833-424A-4F4C-8674-1E5F70B4DDE7}
		{0466F05C-9913-41A7-ABC9-8442EDE6FCBF} = {FCBEA607-E45D-4644-A886-18E83F5118EE}
		{642E1E1A-F748-4ABB-ABB6-2EF741135528} = {FCBEA607-E45D-4644-A886-18E83F5118EE}
		{B252947B-ACF2-4CFF-B82D-DD8A44EE5D2A} = {FCBEA607-E45D-4644-A886-18E83F5118EE}
		{7A0230BE-11A6-4A9B-819C-68E028D11904} = {1FDD4584-BEB6-4385-8489-1710993246E3}
		{97F68DC0-2D8B-4990-8D1F-9037D326DCC4} = {7A0230BE-11A6-4A9B-819C-68E028D11904}
		{5A9087AC-0A85-4A09-A940-BD4CDF207288} = {7A0230BE-11A6-4A9B-819C-68E028D11904}
		{7472077B-7F61-445B-9114-D9335D9E53D6} = {1FDD4584-BEB6-4385-8489-1710993246E3}
		{7FC29DB1-A7C9-4994-BC61-DA354A85D17A} = {1CA27352-B80F-4EFD-B23B-F7AF23517A7B}
		{CD12A51C-9573-40C0-BA8E-71B2352431B9} = {1CA27352-B80F-4EFD-B23B-F7AF23517A7B}
		{3739DE28-0955-481E-A659-84AF6B32C5A7} = {1CA27352-B80F-4EFD-B23B-F7AF23517A7B}
		{FA042440-9B89-4D7D-9257-0C65335E8497} = {1CA27352-B80F-4EFD-B23B-F7AF23517A7B}
		{B1B9F257-F2C5-4A41-BEE0-9B9E3E601020} = {4B9A6265-441C-45A7-A554-EF430CE830EE}
		{E247E40E-8BD1-4112-ADEF-5AA7B3B6637D} = {B1B9F257-F2C5-4A41-BEE0-9B9E3E601020}
		{17D84123-A88F-42A2-9A12-58555BC1DFF4} = {B1B9F257-F2C5-4A41-BEE0-9B9E3E601020}
		{9A784B16-E5EA-4C53-8F35-039860C27475} = {B1B9F257-F2C5-4A41-BEE0-9B9E3E601020}
		{9619A256-99CC-4952-A9BE-375950A7B154} = {9A784B16-E5EA-4C53-8F35-039860C27475}
		{43E6B756-AF9A-4CFC-AFB1-13C1E418F8BC} = {9A784B16-E5EA-4C53-8F35-039860C27475}
		{583EE7BA-2DC8-444C-A9B9-3AF7F5DBB91D} = {17D84123-A88F-42A2-9A12-58555BC1DFF4}
		{C0058D23-95B7-4415-8C35-A05D843F186B} = {E247E40E-8BD1-4112-ADEF-5AA7B3B6637D}
		{0A2CFD48-2EA0-467D-8432-2FAB1ED1DADD} = {E247E40E-8BD1-4112-ADEF-5AA7B3B6637D}
		{3D3372D8-A9AC-46A0-8CCF-638DA9DAE9ED} = {E247E40E-8BD1-4112-ADEF-5AA7B3B6637D}
		{EAC5A70B-6D3E-4B6B-B511-7DEEFB89B989} = {17D84123-A88F-42A2-9A12-58555BC1DFF4}
		{F249E6C0-D895-4AC3-BFC9-D1C435125D5D} = {4B9A6265-441C-45A7-A554-EF430CE830EE}
		{339C5956-929C-435D-9607-F35DD50CD790} = {4B9A6265-441C-45A7-A554-EF430CE830EE}
		{7728A715-9A1E-407B-8450-3E8D2D2005BE} = {4B9A6265-441C-45A7-A554-EF430CE830EE}
		{D1B3346F-85BB-42DB-AD07-DAAAE00A0263} = {FCBEA607-E45D-4644-A886-18E83F5118EE}
		{CA8BE13A-990B-466A-9104-9A97EB956D71} = {06784607-02E0-4F28-95E2-2A64C12105C1}
		{833DC7A5-936D-4DF8-8C43-6413772B6B85} = {4293CA36-BC1D-42E1-A88C-B4D2460D9695}
		{CB4A495C-E8DC-430D-A5C8-070E00668A64} = {27FACABB-3B63-4ECB-8255-1E88535C21AA}
		{27FACABB-3B63-4ECB-8255-1E88535C21AA} = {4293CA36-BC1D-42E1-A88C-B4D2460D9695}
		{405F23F8-825D-40E0-9997-E8B3641E2E9D} = {27FACABB-3B63-4ECB-8255-1E88535C21AA}
		{A82C7753-4C82-4514-849B-48AEE9205A4E} = {27FACABB-3B63-4ECB-8255-1E88535C21AA}
		{F1848001-5843-44F6-AD1A-D7190B10BEDE} = {083AB94A-3D24-408B-8D92-D9803C59EDFF}
		{22A9104E-980F-44F4-B12E-C7A8216496C9} = {833DC7A5-936D-4DF8-8C43-6413772B6B85}
		{C632D6D2-2016-4598-A934-BA042A4D47D7} = {833DC7A5-936D-4DF8-8C43-6413772B6B85}
		{083AB94A-3D24-408B-8D92-D9803C59EDFF} = {4293CA36-BC1D-42E1-A88C-B4D2460D9695}
		{4ADE78DF-9493-4CF6-AB0F-8415AAF9460F} = {083AB94A-3D24-408B-8D92-D9803C59EDFF}
		{8576E3DD-E265-4E62-ADBC-6CAAFE061963} = {4293CA36-BC1D-42E1-A88C-B4D2460D9695}
		{7AB9C5C5-FF78-4CDC-BC39-65046E730EE8} = {8576E3DD-E265-4E62-ADBC-6CAAFE061963}
		{3B3024BD-2350-4521-8314-6FF5F09B1E5C} = {8576E3DD-E265-4E62-ADBC-6CAAFE061963}
		{17E64749-9479-48DD-9DBD-12E8CA237EBC} = {8576E3DD-E265-4E62-ADBC-6CAAFE061963}
		{CADD70C2-FB5F-4837-BFE9-13DE9E78544C} = {8576E3DD-E265-4E62-ADBC-6CAAFE061963}
		{727033BD-BBBB-4872-98EB-3F8A20A28340} = {8576E3DD-E265-4E62-ADBC-6CAAFE061963}
		{21F9AF7F-DF54-4A13-8B00-1079F2B3B4AF} = {4293CA36-BC1D-42E1-A88C-B4D2460D9695}
		{924B01E7-3E3E-41BE-88F0-CE21F2658A3F} = {21F9AF7F-DF54-4A13-8B00-1079F2B3B4AF}
		{9E8B807B-A184-48A7-8ACF-D4A418FBC18B} = {21F9AF7F-DF54-4A13-8B00-1079F2B3B4AF}
		{4F0AF816-AB13-411E-B70D-7AC1BEC25626} = {833DC7A5-936D-4DF8-8C43-6413772B6B85}
		{8960AD10-CBE5-4B75-8860-74F66C9B02E3} = {426EC7B7-1D4C-4E08-942E-0F6E04A6073A}
		{E75D6411-717B-4C93-9647-BB96BC402A32} = {B1B9F257-F2C5-4A41-BEE0-9B9E3E601020}
		{5258EBE2-137A-47EA-9266-8D4BD118A3EE} = {E75D6411-717B-4C93-9647-BB96BC402A32}
		{C1C80D28-8AB4-4C9F-BCF5-5CD3D352D486} = {E75D6411-717B-4C93-9647-BB96BC402A32}
		{71D29F95-3FCB-40FF-9422-2ABFFA39E89E} = {B1B9F257-F2C5-4A41-BEE0-9B9E3E601020}
		{92A3B4B9-4DBE-4B67-A31D-7EF42989AF34} = {71D29F95-3FCB-40FF-9422-2ABFFA39E89E}
		{979BB0E2-44F5-4789-90DD-B25BED93E2B4} = {B1B9F257-F2C5-4A41-BEE0-9B9E3E601020}
		{ED148B74-0CA3-4FD8-A0B7-0602381B245D} = {979BB0E2-44F5-4789-90DD-B25BED93E2B4}
		{D1EDDA93-A001-4B2A-B448-B2C5AF9C603C} = {71D29F95-3FCB-40FF-9422-2ABFFA39E89E}
	EndGlobalSection
	GlobalSection(ExtensibilityGlobals) = postSolution
		SolutionGuid = {4B2AEE19-147C-4872-B3D6-492C601FB686}
	EndGlobalSection
EndGlobal
